// !$*UTF8*$!
{
	archiveVersion = 1;
	classes = {
	};
	objectVersion = 46;
	objects = {

/* Begin PBXBuildFile section */
		1D0A5F671867616E0086FE1C /* NotificationsViewController.m in Sources */ = {isa = PBXBuildFile; fileRef = 1D0A5F661867616E0086FE1C /* NotificationsViewController.m */; };
		1D1B34ED181B203800E6F26A /* UIImage+Addon.m in Sources */ = {isa = PBXBuildFile; fileRef = 1D1B34EC181B203800E6F26A /* UIImage+Addon.m */; };
		1D24D30F18D7383E005C196B /* FindFacebookFriendsCell.xib in Resources */ = {isa = PBXBuildFile; fileRef = 1D24D30E18D7383E005C196B /* FindFacebookFriendsCell.xib */; };
		1D2A4B2518DF72F100D9BDF9 /* DMActivityInstagram.m in Sources */ = {isa = PBXBuildFile; fileRef = 1D2A4B1D18DF72F100D9BDF9 /* DMActivityInstagram.m */; };
		1D2A4B2618DF72F100D9BDF9 /* DMResizerViewController.m in Sources */ = {isa = PBXBuildFile; fileRef = 1D2A4B1F18DF72F100D9BDF9 /* DMResizerViewController.m */; };
		1D2A4B2718DF72F100D9BDF9 /* DMResizerViewController.xib in Resources */ = {isa = PBXBuildFile; fileRef = 1D2A4B2018DF72F100D9BDF9 /* DMResizerViewController.xib */; };
		1D2A4B2818DF72F100D9BDF9 /* instagram.png in Resources */ = {isa = PBXBuildFile; fileRef = 1D2A4B2118DF72F100D9BDF9 /* instagram.png */; };
		1D2A4B2918DF72F100D9BDF9 /* instagram@2x.png in Resources */ = {isa = PBXBuildFile; fileRef = 1D2A4B2218DF72F100D9BDF9 /* instagram@2x.png */; };
		1D2A4B2A18DF72F100D9BDF9 /* instagram~ipad.png in Resources */ = {isa = PBXBuildFile; fileRef = 1D2A4B2318DF72F100D9BDF9 /* instagram~ipad.png */; };
		1D2A4B2B18DF72F100D9BDF9 /* instagram~ipad@2x.png in Resources */ = {isa = PBXBuildFile; fileRef = 1D2A4B2418DF72F100D9BDF9 /* instagram~ipad@2x.png */; };
		1D4207C517E6AB1E008A7F98 /* CFNetwork.framework in Frameworks */ = {isa = PBXBuildFile; fileRef = 1D4207C417E6AB1E008A7F98 /* CFNetwork.framework */; };
		1D4207C717E6AB2D008A7F98 /* CoreLocation.framework in Frameworks */ = {isa = PBXBuildFile; fileRef = 1D4207C617E6AB2D008A7F98 /* CoreLocation.framework */; };
		1D4207C917E6AB42008A7F98 /* libz.1.1.3.dylib in Frameworks */ = {isa = PBXBuildFile; fileRef = 1D4207C817E6AB42008A7F98 /* libz.1.1.3.dylib */; };
		1D4207CB17E6AB4F008A7F98 /* MobileCoreServices.framework in Frameworks */ = {isa = PBXBuildFile; fileRef = 1D4207CA17E6AB4F008A7F98 /* MobileCoreServices.framework */; };
		1D4207CD17E6AB59008A7F98 /* QuartzCore.framework in Frameworks */ = {isa = PBXBuildFile; fileRef = 1D4207CC17E6AB59008A7F98 /* QuartzCore.framework */; };
		1D4207CF17E6AB62008A7F98 /* Security.framework in Frameworks */ = {isa = PBXBuildFile; fileRef = 1D4207CE17E6AB62008A7F98 /* Security.framework */; };
		1D4207D317E6AB78008A7F98 /* SystemConfiguration.framework in Frameworks */ = {isa = PBXBuildFile; fileRef = 1D4207D217E6AB78008A7F98 /* SystemConfiguration.framework */; };
		1D4A810A1854433D007227BB /* EditProfileViewController.m in Sources */ = {isa = PBXBuildFile; fileRef = 1D4A81091854433D007227BB /* EditProfileViewController.m */; };
		1D568E95189756930043AB04 /* FeedFooterView.m in Sources */ = {isa = PBXBuildFile; fileRef = 1D568E94189756930043AB04 /* FeedFooterView.m */; };
		1D568E97189756CC0043AB04 /* FeedFooterView.xib in Resources */ = {isa = PBXBuildFile; fileRef = 1D568E96189756CC0043AB04 /* FeedFooterView.xib */; };
		1D79631D18F315C90022EFD1 /* FindTwitterFriendsViewController.m in Sources */ = {isa = PBXBuildFile; fileRef = 1D79631C18F315C90022EFD1 /* FindTwitterFriendsViewController.m */; };
		1DB0C7B118464DED002626C8 /* EverythingElseViewController.m in Sources */ = {isa = PBXBuildFile; fileRef = 1DB0C7B018464DED002626C8 /* EverythingElseViewController.m */; };
		1DB0C7F918467EF1002626C8 /* NotificationSettingsViewController.m in Sources */ = {isa = PBXBuildFile; fileRef = 1DB0C7F818467EF1002626C8 /* NotificationSettingsViewController.m */; };
		1DB0C7FD184A636A002626C8 /* AboutViewController.m in Sources */ = {isa = PBXBuildFile; fileRef = 1DB0C7FC184A636A002626C8 /* AboutViewController.m */; };
		1DB0C801184A65F6002626C8 /* FindInviteFriendsViewController.m in Sources */ = {isa = PBXBuildFile; fileRef = 1DB0C800184A65F6002626C8 /* FindInviteFriendsViewController.m */; };
		1DB0C805184A6B29002626C8 /* FindFacebookFriendsViewController.m in Sources */ = {isa = PBXBuildFile; fileRef = 1DB0C804184A6B29002626C8 /* FindFacebookFriendsViewController.m */; };
		1DB0C808184A8D0B002626C8 /* FindFacebookFriendCell.m in Sources */ = {isa = PBXBuildFile; fileRef = 1DB0C807184A8D0B002626C8 /* FindFacebookFriendCell.m */; };
		1DB4232E19142DE20093470D /* UIKit.framework in Frameworks */ = {isa = PBXBuildFile; fileRef = 7CF39DE217E0070A003A859F /* UIKit.framework */; };
		1DCD412818083BA2007A5D56 /* LoginViewController.m in Sources */ = {isa = PBXBuildFile; fileRef = 1DCD412618083BA2007A5D56 /* LoginViewController.m */; };
		1DD9715D184BF663001D35CA /* AddressBook.framework in Frameworks */ = {isa = PBXBuildFile; fileRef = 1DD9715B184BF663001D35CA /* AddressBook.framework */; };
		1DD9715E184BF663001D35CA /* AddressBookUI.framework in Frameworks */ = {isa = PBXBuildFile; fileRef = 1DD9715C184BF663001D35CA /* AddressBookUI.framework */; };
		1DD97162184C065D001D35CA /* FindContactsViewController.m in Sources */ = {isa = PBXBuildFile; fileRef = 1DD97161184C065D001D35CA /* FindContactsViewController.m */; };
		1DD97168184CCDD9001D35CA /* aboutUs.html in Resources */ = {isa = PBXBuildFile; fileRef = 1DD97165184CCDD9001D35CA /* aboutUs.html */; };
		1DD97169184CCDD9001D35CA /* contact.html in Resources */ = {isa = PBXBuildFile; fileRef = 1DD97166184CCDD9001D35CA /* contact.html */; };
		1DD9716A184CCDD9001D35CA /* Terms.html in Resources */ = {isa = PBXBuildFile; fileRef = 1DD97167184CCDD9001D35CA /* Terms.html */; };
		1DD9718A184CD290001D35CA /* WebViewController.m in Sources */ = {isa = PBXBuildFile; fileRef = 1DD97189184CD290001D35CA /* WebViewController.m */; };
		1DF6A7211884ABD900FB913D /* NotificationCell.m in Sources */ = {isa = PBXBuildFile; fileRef = 1DF6A7201884ABD900FB913D /* NotificationCell.m */; };
		7C0681AE18C2E4D200B8BFD6 /* FeedCell.xib in Resources */ = {isa = PBXBuildFile; fileRef = 7C0681AD18C2E4D200B8BFD6 /* FeedCell.xib */; };
		7C0681B118C2E57100B8BFD6 /* PDPViewController.m in Sources */ = {isa = PBXBuildFile; fileRef = 7C0681B018C2E57100B8BFD6 /* PDPViewController.m */; };
		7C0681B918C2F13C00B8BFD6 /* ThumbCell.m in Sources */ = {isa = PBXBuildFile; fileRef = 7C0681B818C2F13C00B8BFD6 /* ThumbCell.m */; };
		7C0681BB18C2F14600B8BFD6 /* ThumbCell.xib in Resources */ = {isa = PBXBuildFile; fileRef = 7C0681BA18C2F14600B8BFD6 /* ThumbCell.xib */; };
		7C070107187398690011845D /* CommentCell.m in Sources */ = {isa = PBXBuildFile; fileRef = 7C070106187398690011845D /* CommentCell.m */; };
		7C07010A1873A6B90011845D /* NSDate+Addon.m in Sources */ = {isa = PBXBuildFile; fileRef = 7C0701091873A6B90011845D /* NSDate+Addon.m */; };
		7C16CF3D1839738B007EA62D /* IconSegmentedControl.m in Sources */ = {isa = PBXBuildFile; fileRef = 7C16CF3C1839738B007EA62D /* IconSegmentedControl.m */; };
		7C16CF421839853B007EA62D /* ProfileFeedHeaderView.m in Sources */ = {isa = PBXBuildFile; fileRef = 7C16CF411839853B007EA62D /* ProfileFeedHeaderView.m */; };
		7C1BFA3F187629F50076EFF2 /* Dosis-Light.ttf in Resources */ = {isa = PBXBuildFile; fileRef = 7C1BFA3C187629F50076EFF2 /* Dosis-Light.ttf */; };
		7C1BFA40187629F50076EFF2 /* Dosis-Medium.ttf in Resources */ = {isa = PBXBuildFile; fileRef = 7C1BFA3D187629F50076EFF2 /* Dosis-Medium.ttf */; };
		7C1BFA41187629F50076EFF2 /* Dosis-Regular.ttf in Resources */ = {isa = PBXBuildFile; fileRef = 7C1BFA3E187629F50076EFF2 /* Dosis-Regular.ttf */; };
		7C1BFA4418762A6D0076EFF2 /* UIFont+TwoByTwo.m in Sources */ = {isa = PBXBuildFile; fileRef = 7C1BFA4318762A6D0076EFF2 /* UIFont+TwoByTwo.m */; };
		7C3964A3189D997E000FB989 /* CustomPickerView.m in Sources */ = {isa = PBXBuildFile; fileRef = 7C3964A2189D997E000FB989 /* CustomPickerView.m */; };
		7C3964A8189D9AF2000FB989 /* ImageCell.xib in Resources */ = {isa = PBXBuildFile; fileRef = 7C3964A7189D9AF2000FB989 /* ImageCell.xib */; };
		7C3964AB189D9B2F000FB989 /* ImageCell.m in Sources */ = {isa = PBXBuildFile; fileRef = 7C3964AA189D9B2F000FB989 /* ImageCell.m */; };
		7C476766191E9F8300333C59 /* ContainerCell.m in Sources */ = {isa = PBXBuildFile; fileRef = 7C476765191E9F8300333C59 /* ContainerCell.m */; };
		7C47676B191EB44600333C59 /* UICollectionView+Addon.m in Sources */ = {isa = PBXBuildFile; fileRef = 7C47676A191EB44600333C59 /* UICollectionView+Addon.m */; };
		7C47676E191EBA1E00333C59 /* PopularContainerCell.m in Sources */ = {isa = PBXBuildFile; fileRef = 7C47676D191EBA1E00333C59 /* PopularContainerCell.m */; };
		7C476771191EBBF200333C59 /* UICollectionView+Pagination.m in Sources */ = {isa = PBXBuildFile; fileRef = 7C476770191EBBF200333C59 /* UICollectionView+Pagination.m */; };
		7C476774191EBCD800333C59 /* PublicContainerCell.m in Sources */ = {isa = PBXBuildFile; fileRef = 7C476773191EBCD800333C59 /* PublicContainerCell.m */; };
		7C476777191EDCC600333C59 /* Constants.m in Sources */ = {isa = PBXBuildFile; fileRef = 7C476776191EDCC600333C59 /* Constants.m */; };
		7C47677A191EFDDD00333C59 /* PopularFeedHeaderView.m in Sources */ = {isa = PBXBuildFile; fileRef = 7C476779191EFDDD00333C59 /* PopularFeedHeaderView.m */; };
		7C47677C191EFDE500333C59 /* PopularFeedHeaderView.xib in Resources */ = {isa = PBXBuildFile; fileRef = 7C47677B191EFDE500333C59 /* PopularFeedHeaderView.xib */; };
		7C47677F191F066800333C59 /* FriendsContainerCell.m in Sources */ = {isa = PBXBuildFile; fileRef = 7C47677E191F066800333C59 /* FriendsContainerCell.m */; };
		7C476782191F067F00333C59 /* ProfileContainerCell.m in Sources */ = {isa = PBXBuildFile; fileRef = 7C476781191F067F00333C59 /* ProfileContainerCell.m */; };
		7C476785191F068E00333C59 /* NotificationsContainerCell.m in Sources */ = {isa = PBXBuildFile; fileRef = 7C476784191F068E00333C59 /* NotificationsContainerCell.m */; };
		7C508F53188AFB1E00C1334E /* FeedHeaderView.m in Sources */ = {isa = PBXBuildFile; fileRef = 7C508F52188AFB1E00C1334E /* FeedHeaderView.m */; };
		7C508F55188B028700C1334E /* FeedHeaderView.xib in Resources */ = {isa = PBXBuildFile; fileRef = 7C508F54188B028700C1334E /* FeedHeaderView.xib */; };
		7C508F57188B035C00C1334E /* ProfileFeedHeaderView.xib in Resources */ = {isa = PBXBuildFile; fileRef = 7C508F56188B035C00C1334E /* ProfileFeedHeaderView.xib */; };
		7C6D85A0191E93D3002EA534 /* MainV2.storyboard in Resources */ = {isa = PBXBuildFile; fileRef = 7C6D859F191E93D3002EA534 /* MainV2.storyboard */; };
		7C73FFC317E62EB50055C57C /* ProgressButton.m in Sources */ = {isa = PBXBuildFile; fileRef = 7C73FFC217E62EB50055C57C /* ProgressButton.m */; };
		7C73FFC617E637C50055C57C /* UIColor+Utilities.m in Sources */ = {isa = PBXBuildFile; fileRef = 7C73FFC517E637C50055C57C /* UIColor+Utilities.m */; };
		7C76578B1825962A0053483B /* UIWindow+Animation.m in Sources */ = {isa = PBXBuildFile; fileRef = 7C76578A1825962A0053483B /* UIWindow+Animation.m */; };
		7C76578D182597930053483B /* Login.storyboard in Resources */ = {isa = PBXBuildFile; fileRef = 7C76578C182597930053483B /* Login.storyboard */; };
		7C7657901825AE920053483B /* FeedCell.m in Sources */ = {isa = PBXBuildFile; fileRef = 7C76578F1825AE920053483B /* FeedCell.m */; };
		7C7B354C18D1128A00563569 /* PFObject+User.m in Sources */ = {isa = PBXBuildFile; fileRef = 7C7B354B18D1128A00563569 /* PFObject+User.m */; };
		7C7B354F18D11E1900563569 /* NSURL+Facebook.m in Sources */ = {isa = PBXBuildFile; fileRef = 7C7B354E18D11E1900563569 /* NSURL+Facebook.m */; };
		7C7E2937183052120036557E /* UserAnnotation.m in Sources */ = {isa = PBXBuildFile; fileRef = 7C7E2936183052120036557E /* UserAnnotation.m */; };
		7C7E293A18305ACA0036557E /* MKMapView+Utilities.m in Sources */ = {isa = PBXBuildFile; fileRef = 7C7E293918305ACA0036557E /* MKMapView+Utilities.m */; };
		7C7E294018306DD30036557E /* PFObject+Photo.m in Sources */ = {isa = PBXBuildFile; fileRef = 7C7E293F18306DD30036557E /* PFObject+Photo.m */; };
		7C8E79BA19351EEE00D94E07 /* NotificationCell.xib in Resources */ = {isa = PBXBuildFile; fileRef = 7C8E79B919351EEE00D94E07 /* NotificationCell.xib */; };
		7C8E79BD1935217300D94E07 /* NotificationHeaderView.m in Sources */ = {isa = PBXBuildFile; fileRef = 7C8E79BC1935217300D94E07 /* NotificationHeaderView.m */; };
		7C8E79BF193521BE00D94E07 /* NotificationHeaderView.xib in Resources */ = {isa = PBXBuildFile; fileRef = 7C8E79BE193521BE00D94E07 /* NotificationHeaderView.xib */; };
		7C8E79C4193525DE00D94E07 /* InviteManager.m in Sources */ = {isa = PBXBuildFile; fileRef = 7C8E79C3193525DE00D94E07 /* InviteManager.m */; };
		7CA4902018D66A28001D5537 /* Camera.storyboard in Resources */ = {isa = PBXBuildFile; fileRef = 7CA4901F18D66A28001D5537 /* Camera.storyboard */; };
		7CA4902418D67121001D5537 /* UserDefaultsManager.m in Sources */ = {isa = PBXBuildFile; fileRef = 7CA4902318D67121001D5537 /* UserDefaultsManager.m */; };
		7CBC37371874F8830016B6E4 /* NotificationSettingCell.m in Sources */ = {isa = PBXBuildFile; fileRef = 7CBC37361874F8830016B6E4 /* NotificationSettingCell.m */; };
		7CD137FF18C3F43400D534D7 /* LikersCell.m in Sources */ = {isa = PBXBuildFile; fileRef = 7CD137FE18C3F43400D534D7 /* LikersCell.m */; };
		7CD1380218C3F9E400D534D7 /* AvatarCell.m in Sources */ = {isa = PBXBuildFile; fileRef = 7CD1380118C3F9E400D534D7 /* AvatarCell.m */; };
		7CD1380518C4006100D534D7 /* AddCommentCell.m in Sources */ = {isa = PBXBuildFile; fileRef = 7CD1380418C4006100D534D7 /* AddCommentCell.m */; };
		7CD9507717E657CA00C70956 /* UIColor+TwoByTwo.m in Sources */ = {isa = PBXBuildFile; fileRef = 7CD9507617E657CA00C70956 /* UIColor+TwoByTwo.m */; };
		7CF39DDF17E0070A003A859F /* Foundation.framework in Frameworks */ = {isa = PBXBuildFile; fileRef = 7CF39DDE17E0070A003A859F /* Foundation.framework */; };
		7CF39DE117E0070A003A859F /* CoreGraphics.framework in Frameworks */ = {isa = PBXBuildFile; fileRef = 7CF39DE017E0070A003A859F /* CoreGraphics.framework */; };
		7CF39DE917E0070A003A859F /* InfoPlist.strings in Resources */ = {isa = PBXBuildFile; fileRef = 7CF39DE717E0070A003A859F /* InfoPlist.strings */; };
		7CF39DEB17E0070A003A859F /* main.m in Sources */ = {isa = PBXBuildFile; fileRef = 7CF39DEA17E0070A003A859F /* main.m */; };
		7CF39DEF17E0070A003A859F /* AppDelegate.m in Sources */ = {isa = PBXBuildFile; fileRef = 7CF39DEE17E0070A003A859F /* AppDelegate.m */; };
		7CF39DF717E0070A003A859F /* Images.xcassets in Resources */ = {isa = PBXBuildFile; fileRef = 7CF39DF617E0070A003A859F /* Images.xcassets */; };
		7CF39DFE17E0070B003A859F /* XCTest.framework in Frameworks */ = {isa = PBXBuildFile; fileRef = 7CF39DFD17E0070B003A859F /* XCTest.framework */; };
		7CF39DFF17E0070B003A859F /* Foundation.framework in Frameworks */ = {isa = PBXBuildFile; fileRef = 7CF39DDE17E0070A003A859F /* Foundation.framework */; };
		7CF39E0017E0070B003A859F /* UIKit.framework in Frameworks */ = {isa = PBXBuildFile; fileRef = 7CF39DE217E0070A003A859F /* UIKit.framework */; };
		7CF39E0817E0070B003A859F /* InfoPlist.strings in Resources */ = {isa = PBXBuildFile; fileRef = 7CF39E0617E0070B003A859F /* InfoPlist.strings */; };
		7CF39E0A17E0070B003A859F /* TwoByTwoTests.m in Sources */ = {isa = PBXBuildFile; fileRef = 7CF39E0917E0070B003A859F /* TwoByTwoTests.m */; };
		7CF39E1517E00775003A859F /* MainViewController.m in Sources */ = {isa = PBXBuildFile; fileRef = 7CF39E1417E00775003A859F /* MainViewController.m */; };
		7CF39E1817E00782003A859F /* FeedViewController.m in Sources */ = {isa = PBXBuildFile; fileRef = 7CF39E1717E00782003A859F /* FeedViewController.m */; };
		7CF39E1E17E00D30003A859F /* CameraViewController.m in Sources */ = {isa = PBXBuildFile; fileRef = 7CF39E1D17E00D30003A859F /* CameraViewController.m */; };
		8AB5BC5834294D7CBF47B62A /* libPods.a in Frameworks */ = {isa = PBXBuildFile; fileRef = 997CEE5E850E4BFC9549234B /* libPods.a */; };
/* End PBXBuildFile section */

/* Begin PBXContainerItemProxy section */
		7CF39E0117E0070B003A859F /* PBXContainerItemProxy */ = {
			isa = PBXContainerItemProxy;
			containerPortal = 7CF39DD317E0070A003A859F /* Project object */;
			proxyType = 1;
			remoteGlobalIDString = 7CF39DDA17E0070A003A859F;
			remoteInfo = TwoByTwo;
		};
/* End PBXContainerItemProxy section */

/* Begin PBXFileReference section */
		1D0A5F651867616E0086FE1C /* NotificationsViewController.h */ = {isa = PBXFileReference; fileEncoding = 4; lastKnownFileType = sourcecode.c.h; path = NotificationsViewController.h; sourceTree = "<group>"; };
		1D0A5F661867616E0086FE1C /* NotificationsViewController.m */ = {isa = PBXFileReference; fileEncoding = 4; lastKnownFileType = sourcecode.c.objc; path = NotificationsViewController.m; sourceTree = "<group>"; };
		1D1B34EB181B203800E6F26A /* UIImage+Addon.h */ = {isa = PBXFileReference; fileEncoding = 4; lastKnownFileType = sourcecode.c.h; path = "UIImage+Addon.h"; sourceTree = "<group>"; };
		1D1B34EC181B203800E6F26A /* UIImage+Addon.m */ = {isa = PBXFileReference; fileEncoding = 4; lastKnownFileType = sourcecode.c.objc; path = "UIImage+Addon.m"; sourceTree = "<group>"; };
		1D24D30E18D7383E005C196B /* FindFacebookFriendsCell.xib */ = {isa = PBXFileReference; fileEncoding = 4; lastKnownFileType = file.xib; path = FindFacebookFriendsCell.xib; sourceTree = "<group>"; };
		1D2A4B1C18DF72F100D9BDF9 /* DMActivityInstagram.h */ = {isa = PBXFileReference; fileEncoding = 4; lastKnownFileType = sourcecode.c.h; path = DMActivityInstagram.h; sourceTree = "<group>"; };
		1D2A4B1D18DF72F100D9BDF9 /* DMActivityInstagram.m */ = {isa = PBXFileReference; fileEncoding = 4; lastKnownFileType = sourcecode.c.objc; path = DMActivityInstagram.m; sourceTree = "<group>"; };
		1D2A4B1E18DF72F100D9BDF9 /* DMResizerViewController.h */ = {isa = PBXFileReference; fileEncoding = 4; lastKnownFileType = sourcecode.c.h; path = DMResizerViewController.h; sourceTree = "<group>"; };
		1D2A4B1F18DF72F100D9BDF9 /* DMResizerViewController.m */ = {isa = PBXFileReference; fileEncoding = 4; lastKnownFileType = sourcecode.c.objc; path = DMResizerViewController.m; sourceTree = "<group>"; };
		1D2A4B2018DF72F100D9BDF9 /* DMResizerViewController.xib */ = {isa = PBXFileReference; fileEncoding = 4; lastKnownFileType = file.xib; path = DMResizerViewController.xib; sourceTree = "<group>"; };
		1D2A4B2118DF72F100D9BDF9 /* instagram.png */ = {isa = PBXFileReference; lastKnownFileType = image.png; path = instagram.png; sourceTree = "<group>"; };
		1D2A4B2218DF72F100D9BDF9 /* instagram@2x.png */ = {isa = PBXFileReference; lastKnownFileType = image.png; path = "instagram@2x.png"; sourceTree = "<group>"; };
		1D2A4B2318DF72F100D9BDF9 /* instagram~ipad.png */ = {isa = PBXFileReference; lastKnownFileType = image.png; path = "instagram~ipad.png"; sourceTree = "<group>"; };
		1D2A4B2418DF72F100D9BDF9 /* instagram~ipad@2x.png */ = {isa = PBXFileReference; lastKnownFileType = image.png; path = "instagram~ipad@2x.png"; sourceTree = "<group>"; };
		1D4207C217E6AB10008A7F98 /* AudioToolbox.framework */ = {isa = PBXFileReference; lastKnownFileType = wrapper.framework; name = AudioToolbox.framework; path = System/Library/Frameworks/AudioToolbox.framework; sourceTree = SDKROOT; };
		1D4207C417E6AB1E008A7F98 /* CFNetwork.framework */ = {isa = PBXFileReference; lastKnownFileType = wrapper.framework; name = CFNetwork.framework; path = System/Library/Frameworks/CFNetwork.framework; sourceTree = SDKROOT; };
		1D4207C617E6AB2D008A7F98 /* CoreLocation.framework */ = {isa = PBXFileReference; lastKnownFileType = wrapper.framework; name = CoreLocation.framework; path = System/Library/Frameworks/CoreLocation.framework; sourceTree = SDKROOT; };
		1D4207C817E6AB42008A7F98 /* libz.1.1.3.dylib */ = {isa = PBXFileReference; lastKnownFileType = "compiled.mach-o.dylib"; name = libz.1.1.3.dylib; path = usr/lib/libz.1.1.3.dylib; sourceTree = SDKROOT; };
		1D4207CA17E6AB4F008A7F98 /* MobileCoreServices.framework */ = {isa = PBXFileReference; lastKnownFileType = wrapper.framework; name = MobileCoreServices.framework; path = System/Library/Frameworks/MobileCoreServices.framework; sourceTree = SDKROOT; };
		1D4207CC17E6AB59008A7F98 /* QuartzCore.framework */ = {isa = PBXFileReference; lastKnownFileType = wrapper.framework; name = QuartzCore.framework; path = System/Library/Frameworks/QuartzCore.framework; sourceTree = SDKROOT; };
		1D4207CE17E6AB62008A7F98 /* Security.framework */ = {isa = PBXFileReference; lastKnownFileType = wrapper.framework; name = Security.framework; path = System/Library/Frameworks/Security.framework; sourceTree = SDKROOT; };
		1D4207D217E6AB78008A7F98 /* SystemConfiguration.framework */ = {isa = PBXFileReference; lastKnownFileType = wrapper.framework; name = SystemConfiguration.framework; path = System/Library/Frameworks/SystemConfiguration.framework; sourceTree = SDKROOT; };
		1D4A81081854433D007227BB /* EditProfileViewController.h */ = {isa = PBXFileReference; fileEncoding = 4; lastKnownFileType = sourcecode.c.h; path = EditProfileViewController.h; sourceTree = "<group>"; };
		1D4A81091854433D007227BB /* EditProfileViewController.m */ = {isa = PBXFileReference; fileEncoding = 4; lastKnownFileType = sourcecode.c.objc; path = EditProfileViewController.m; sourceTree = "<group>"; };
		1D568E93189756930043AB04 /* FeedFooterView.h */ = {isa = PBXFileReference; fileEncoding = 4; lastKnownFileType = sourcecode.c.h; path = FeedFooterView.h; sourceTree = "<group>"; };
		1D568E94189756930043AB04 /* FeedFooterView.m */ = {isa = PBXFileReference; fileEncoding = 4; lastKnownFileType = sourcecode.c.objc; path = FeedFooterView.m; sourceTree = "<group>"; };
		1D568E96189756CC0043AB04 /* FeedFooterView.xib */ = {isa = PBXFileReference; fileEncoding = 4; lastKnownFileType = file.xib; path = FeedFooterView.xib; sourceTree = "<group>"; };
		1D74B5701809A681005A4937 /* StoreKit.framework */ = {isa = PBXFileReference; lastKnownFileType = wrapper.framework; name = StoreKit.framework; path = System/Library/Frameworks/StoreKit.framework; sourceTree = SDKROOT; };
		1D79631B18F315C90022EFD1 /* FindTwitterFriendsViewController.h */ = {isa = PBXFileReference; fileEncoding = 4; lastKnownFileType = sourcecode.c.h; path = FindTwitterFriendsViewController.h; sourceTree = "<group>"; };
		1D79631C18F315C90022EFD1 /* FindTwitterFriendsViewController.m */ = {isa = PBXFileReference; fileEncoding = 4; lastKnownFileType = sourcecode.c.objc; path = FindTwitterFriendsViewController.m; sourceTree = "<group>"; };
		1DB0C7AF18464DED002626C8 /* EverythingElseViewController.h */ = {isa = PBXFileReference; fileEncoding = 4; lastKnownFileType = sourcecode.c.h; path = EverythingElseViewController.h; sourceTree = "<group>"; };
		1DB0C7B018464DED002626C8 /* EverythingElseViewController.m */ = {isa = PBXFileReference; fileEncoding = 4; lastKnownFileType = sourcecode.c.objc; path = EverythingElseViewController.m; sourceTree = "<group>"; };
		1DB0C7F718467EF1002626C8 /* NotificationSettingsViewController.h */ = {isa = PBXFileReference; fileEncoding = 4; lastKnownFileType = sourcecode.c.h; path = NotificationSettingsViewController.h; sourceTree = "<group>"; };
		1DB0C7F818467EF1002626C8 /* NotificationSettingsViewController.m */ = {isa = PBXFileReference; fileEncoding = 4; lastKnownFileType = sourcecode.c.objc; path = NotificationSettingsViewController.m; sourceTree = "<group>"; };
		1DB0C7FB184A636A002626C8 /* AboutViewController.h */ = {isa = PBXFileReference; fileEncoding = 4; lastKnownFileType = sourcecode.c.h; path = AboutViewController.h; sourceTree = "<group>"; };
		1DB0C7FC184A636A002626C8 /* AboutViewController.m */ = {isa = PBXFileReference; fileEncoding = 4; lastKnownFileType = sourcecode.c.objc; path = AboutViewController.m; sourceTree = "<group>"; };
		1DB0C7FF184A65F6002626C8 /* FindInviteFriendsViewController.h */ = {isa = PBXFileReference; fileEncoding = 4; lastKnownFileType = sourcecode.c.h; path = FindInviteFriendsViewController.h; sourceTree = "<group>"; };
		1DB0C800184A65F6002626C8 /* FindInviteFriendsViewController.m */ = {isa = PBXFileReference; fileEncoding = 4; lastKnownFileType = sourcecode.c.objc; path = FindInviteFriendsViewController.m; sourceTree = "<group>"; };
		1DB0C803184A6B29002626C8 /* FindFacebookFriendsViewController.h */ = {isa = PBXFileReference; fileEncoding = 4; lastKnownFileType = sourcecode.c.h; path = FindFacebookFriendsViewController.h; sourceTree = "<group>"; };
		1DB0C804184A6B29002626C8 /* FindFacebookFriendsViewController.m */ = {isa = PBXFileReference; fileEncoding = 4; lastKnownFileType = sourcecode.c.objc; path = FindFacebookFriendsViewController.m; sourceTree = "<group>"; };
		1DB0C806184A8D0B002626C8 /* FindFacebookFriendCell.h */ = {isa = PBXFileReference; fileEncoding = 4; lastKnownFileType = sourcecode.c.h; path = FindFacebookFriendCell.h; sourceTree = "<group>"; };
		1DB0C807184A8D0B002626C8 /* FindFacebookFriendCell.m */ = {isa = PBXFileReference; fileEncoding = 4; lastKnownFileType = sourcecode.c.objc; path = FindFacebookFriendCell.m; sourceTree = "<group>"; };
		1DCD412618083BA2007A5D56 /* LoginViewController.m */ = {isa = PBXFileReference; fileEncoding = 4; lastKnownFileType = sourcecode.c.objc; path = LoginViewController.m; sourceTree = "<group>"; };
		1DCD412718083BA2007A5D56 /* LoginViewController.h */ = {isa = PBXFileReference; fileEncoding = 4; lastKnownFileType = sourcecode.c.h; path = LoginViewController.h; sourceTree = "<group>"; };
		1DD9715B184BF663001D35CA /* AddressBook.framework */ = {isa = PBXFileReference; lastKnownFileType = wrapper.framework; name = AddressBook.framework; path = System/Library/Frameworks/AddressBook.framework; sourceTree = SDKROOT; };
		1DD9715C184BF663001D35CA /* AddressBookUI.framework */ = {isa = PBXFileReference; lastKnownFileType = wrapper.framework; name = AddressBookUI.framework; path = System/Library/Frameworks/AddressBookUI.framework; sourceTree = SDKROOT; };
		1DD97160184C065D001D35CA /* FindContactsViewController.h */ = {isa = PBXFileReference; fileEncoding = 4; lastKnownFileType = sourcecode.c.h; path = FindContactsViewController.h; sourceTree = "<group>"; };
		1DD97161184C065D001D35CA /* FindContactsViewController.m */ = {isa = PBXFileReference; fileEncoding = 4; lastKnownFileType = sourcecode.c.objc; path = FindContactsViewController.m; sourceTree = "<group>"; };
		1DD97165184CCDD9001D35CA /* aboutUs.html */ = {isa = PBXFileReference; fileEncoding = 4; lastKnownFileType = text.html; path = aboutUs.html; sourceTree = "<group>"; };
		1DD97166184CCDD9001D35CA /* contact.html */ = {isa = PBXFileReference; fileEncoding = 4; lastKnownFileType = text.html; path = contact.html; sourceTree = "<group>"; };
		1DD97167184CCDD9001D35CA /* Terms.html */ = {isa = PBXFileReference; fileEncoding = 4; lastKnownFileType = text.html; path = Terms.html; sourceTree = "<group>"; };
		1DD97188184CD290001D35CA /* WebViewController.h */ = {isa = PBXFileReference; fileEncoding = 4; lastKnownFileType = sourcecode.c.h; path = WebViewController.h; sourceTree = "<group>"; };
		1DD97189184CD290001D35CA /* WebViewController.m */ = {isa = PBXFileReference; fileEncoding = 4; lastKnownFileType = sourcecode.c.objc; path = WebViewController.m; sourceTree = "<group>"; };
		1DDC01071868E3DF00292DA2 /* Social.framework */ = {isa = PBXFileReference; lastKnownFileType = wrapper.framework; name = Social.framework; path = System/Library/Frameworks/Social.framework; sourceTree = SDKROOT; };
		1DF6A71F1884ABD900FB913D /* NotificationCell.h */ = {isa = PBXFileReference; fileEncoding = 4; lastKnownFileType = sourcecode.c.h; path = NotificationCell.h; sourceTree = "<group>"; };
		1DF6A7201884ABD900FB913D /* NotificationCell.m */ = {isa = PBXFileReference; fileEncoding = 4; lastKnownFileType = sourcecode.c.objc; path = NotificationCell.m; sourceTree = "<group>"; };
		7C0681AD18C2E4D200B8BFD6 /* FeedCell.xib */ = {isa = PBXFileReference; fileEncoding = 4; lastKnownFileType = file.xib; path = FeedCell.xib; sourceTree = "<group>"; };
		7C0681AF18C2E57100B8BFD6 /* PDPViewController.h */ = {isa = PBXFileReference; fileEncoding = 4; lastKnownFileType = sourcecode.c.h; path = PDPViewController.h; sourceTree = "<group>"; };
		7C0681B018C2E57100B8BFD6 /* PDPViewController.m */ = {isa = PBXFileReference; fileEncoding = 4; lastKnownFileType = sourcecode.c.objc; path = PDPViewController.m; sourceTree = "<group>"; };
		7C0681B718C2F13C00B8BFD6 /* ThumbCell.h */ = {isa = PBXFileReference; fileEncoding = 4; lastKnownFileType = sourcecode.c.h; path = ThumbCell.h; sourceTree = "<group>"; };
		7C0681B818C2F13C00B8BFD6 /* ThumbCell.m */ = {isa = PBXFileReference; fileEncoding = 4; lastKnownFileType = sourcecode.c.objc; path = ThumbCell.m; sourceTree = "<group>"; };
		7C0681BA18C2F14600B8BFD6 /* ThumbCell.xib */ = {isa = PBXFileReference; fileEncoding = 4; lastKnownFileType = file.xib; path = ThumbCell.xib; sourceTree = "<group>"; };
		7C070105187398690011845D /* CommentCell.h */ = {isa = PBXFileReference; fileEncoding = 4; lastKnownFileType = sourcecode.c.h; path = CommentCell.h; sourceTree = "<group>"; };
		7C070106187398690011845D /* CommentCell.m */ = {isa = PBXFileReference; fileEncoding = 4; lastKnownFileType = sourcecode.c.objc; path = CommentCell.m; sourceTree = "<group>"; };
		7C0701081873A6B90011845D /* NSDate+Addon.h */ = {isa = PBXFileReference; fileEncoding = 4; lastKnownFileType = sourcecode.c.h; path = "NSDate+Addon.h"; sourceTree = "<group>"; };
		7C0701091873A6B90011845D /* NSDate+Addon.m */ = {isa = PBXFileReference; fileEncoding = 4; lastKnownFileType = sourcecode.c.objc; path = "NSDate+Addon.m"; sourceTree = "<group>"; };
		7C16CF3B1839738B007EA62D /* IconSegmentedControl.h */ = {isa = PBXFileReference; fileEncoding = 4; lastKnownFileType = sourcecode.c.h; path = IconSegmentedControl.h; sourceTree = "<group>"; };
		7C16CF3C1839738B007EA62D /* IconSegmentedControl.m */ = {isa = PBXFileReference; fileEncoding = 4; lastKnownFileType = sourcecode.c.objc; path = IconSegmentedControl.m; sourceTree = "<group>"; };
		7C16CF401839853B007EA62D /* ProfileFeedHeaderView.h */ = {isa = PBXFileReference; fileEncoding = 4; lastKnownFileType = sourcecode.c.h; path = ProfileFeedHeaderView.h; sourceTree = "<group>"; };
		7C16CF411839853B007EA62D /* ProfileFeedHeaderView.m */ = {isa = PBXFileReference; fileEncoding = 4; lastKnownFileType = sourcecode.c.objc; path = ProfileFeedHeaderView.m; sourceTree = "<group>"; };
		7C1BFA3C187629F50076EFF2 /* Dosis-Light.ttf */ = {isa = PBXFileReference; lastKnownFileType = file; path = "Dosis-Light.ttf"; sourceTree = "<group>"; };
		7C1BFA3D187629F50076EFF2 /* Dosis-Medium.ttf */ = {isa = PBXFileReference; lastKnownFileType = file; path = "Dosis-Medium.ttf"; sourceTree = "<group>"; };
		7C1BFA3E187629F50076EFF2 /* Dosis-Regular.ttf */ = {isa = PBXFileReference; lastKnownFileType = file; path = "Dosis-Regular.ttf"; sourceTree = "<group>"; };
		7C1BFA4218762A6D0076EFF2 /* UIFont+TwoByTwo.h */ = {isa = PBXFileReference; fileEncoding = 4; lastKnownFileType = sourcecode.c.h; path = "UIFont+TwoByTwo.h"; sourceTree = "<group>"; };
		7C1BFA4318762A6D0076EFF2 /* UIFont+TwoByTwo.m */ = {isa = PBXFileReference; fileEncoding = 4; lastKnownFileType = sourcecode.c.objc; path = "UIFont+TwoByTwo.m"; sourceTree = "<group>"; };
		7C3964A1189D997E000FB989 /* CustomPickerView.h */ = {isa = PBXFileReference; fileEncoding = 4; lastKnownFileType = sourcecode.c.h; path = CustomPickerView.h; sourceTree = "<group>"; };
		7C3964A2189D997E000FB989 /* CustomPickerView.m */ = {isa = PBXFileReference; fileEncoding = 4; lastKnownFileType = sourcecode.c.objc; path = CustomPickerView.m; sourceTree = "<group>"; };
		7C3964A7189D9AF2000FB989 /* ImageCell.xib */ = {isa = PBXFileReference; fileEncoding = 4; lastKnownFileType = file.xib; path = ImageCell.xib; sourceTree = "<group>"; };
		7C3964A9189D9B2F000FB989 /* ImageCell.h */ = {isa = PBXFileReference; fileEncoding = 4; lastKnownFileType = sourcecode.c.h; path = ImageCell.h; sourceTree = "<group>"; };
		7C3964AA189D9B2F000FB989 /* ImageCell.m */ = {isa = PBXFileReference; fileEncoding = 4; lastKnownFileType = sourcecode.c.objc; path = ImageCell.m; sourceTree = "<group>"; };
		7C476764191E9F8300333C59 /* ContainerCell.h */ = {isa = PBXFileReference; fileEncoding = 4; lastKnownFileType = sourcecode.c.h; path = ContainerCell.h; sourceTree = "<group>"; };
		7C476765191E9F8300333C59 /* ContainerCell.m */ = {isa = PBXFileReference; fileEncoding = 4; lastKnownFileType = sourcecode.c.objc; path = ContainerCell.m; sourceTree = "<group>"; };
		7C476769191EB44600333C59 /* UICollectionView+Addon.h */ = {isa = PBXFileReference; fileEncoding = 4; lastKnownFileType = sourcecode.c.h; path = "UICollectionView+Addon.h"; sourceTree = "<group>"; };
		7C47676A191EB44600333C59 /* UICollectionView+Addon.m */ = {isa = PBXFileReference; fileEncoding = 4; lastKnownFileType = sourcecode.c.objc; path = "UICollectionView+Addon.m"; sourceTree = "<group>"; };
		7C47676C191EBA1E00333C59 /* PopularContainerCell.h */ = {isa = PBXFileReference; fileEncoding = 4; lastKnownFileType = sourcecode.c.h; path = PopularContainerCell.h; sourceTree = "<group>"; };
		7C47676D191EBA1E00333C59 /* PopularContainerCell.m */ = {isa = PBXFileReference; fileEncoding = 4; lastKnownFileType = sourcecode.c.objc; path = PopularContainerCell.m; sourceTree = "<group>"; };
		7C47676F191EBBF200333C59 /* UICollectionView+Pagination.h */ = {isa = PBXFileReference; fileEncoding = 4; lastKnownFileType = sourcecode.c.h; path = "UICollectionView+Pagination.h"; sourceTree = "<group>"; };
		7C476770191EBBF200333C59 /* UICollectionView+Pagination.m */ = {isa = PBXFileReference; fileEncoding = 4; lastKnownFileType = sourcecode.c.objc; path = "UICollectionView+Pagination.m"; sourceTree = "<group>"; };
		7C476772191EBCD800333C59 /* PublicContainerCell.h */ = {isa = PBXFileReference; fileEncoding = 4; lastKnownFileType = sourcecode.c.h; path = PublicContainerCell.h; sourceTree = "<group>"; };
		7C476773191EBCD800333C59 /* PublicContainerCell.m */ = {isa = PBXFileReference; fileEncoding = 4; lastKnownFileType = sourcecode.c.objc; path = PublicContainerCell.m; sourceTree = "<group>"; };
		7C476775191EDCC600333C59 /* Constants.h */ = {isa = PBXFileReference; fileEncoding = 4; lastKnownFileType = sourcecode.c.h; path = Constants.h; sourceTree = "<group>"; };
		7C476776191EDCC600333C59 /* Constants.m */ = {isa = PBXFileReference; fileEncoding = 4; lastKnownFileType = sourcecode.c.objc; path = Constants.m; sourceTree = "<group>"; };
		7C476778191EFDDD00333C59 /* PopularFeedHeaderView.h */ = {isa = PBXFileReference; fileEncoding = 4; lastKnownFileType = sourcecode.c.h; path = PopularFeedHeaderView.h; sourceTree = "<group>"; };
		7C476779191EFDDD00333C59 /* PopularFeedHeaderView.m */ = {isa = PBXFileReference; fileEncoding = 4; lastKnownFileType = sourcecode.c.objc; path = PopularFeedHeaderView.m; sourceTree = "<group>"; };
		7C47677B191EFDE500333C59 /* PopularFeedHeaderView.xib */ = {isa = PBXFileReference; fileEncoding = 4; lastKnownFileType = file.xib; path = PopularFeedHeaderView.xib; sourceTree = "<group>"; };
		7C47677D191F066800333C59 /* FriendsContainerCell.h */ = {isa = PBXFileReference; fileEncoding = 4; lastKnownFileType = sourcecode.c.h; path = FriendsContainerCell.h; sourceTree = "<group>"; };
		7C47677E191F066800333C59 /* FriendsContainerCell.m */ = {isa = PBXFileReference; fileEncoding = 4; lastKnownFileType = sourcecode.c.objc; path = FriendsContainerCell.m; sourceTree = "<group>"; };
		7C476780191F067F00333C59 /* ProfileContainerCell.h */ = {isa = PBXFileReference; fileEncoding = 4; lastKnownFileType = sourcecode.c.h; path = ProfileContainerCell.h; sourceTree = "<group>"; };
		7C476781191F067F00333C59 /* ProfileContainerCell.m */ = {isa = PBXFileReference; fileEncoding = 4; lastKnownFileType = sourcecode.c.objc; path = ProfileContainerCell.m; sourceTree = "<group>"; };
		7C476783191F068E00333C59 /* NotificationsContainerCell.h */ = {isa = PBXFileReference; fileEncoding = 4; lastKnownFileType = sourcecode.c.h; path = NotificationsContainerCell.h; sourceTree = "<group>"; };
		7C476784191F068E00333C59 /* NotificationsContainerCell.m */ = {isa = PBXFileReference; fileEncoding = 4; lastKnownFileType = sourcecode.c.objc; path = NotificationsContainerCell.m; sourceTree = "<group>"; };
		7C508F51188AFB1E00C1334E /* FeedHeaderView.h */ = {isa = PBXFileReference; fileEncoding = 4; lastKnownFileType = sourcecode.c.h; path = FeedHeaderView.h; sourceTree = "<group>"; };
		7C508F52188AFB1E00C1334E /* FeedHeaderView.m */ = {isa = PBXFileReference; fileEncoding = 4; lastKnownFileType = sourcecode.c.objc; path = FeedHeaderView.m; sourceTree = "<group>"; };
		7C508F54188B028700C1334E /* FeedHeaderView.xib */ = {isa = PBXFileReference; fileEncoding = 4; lastKnownFileType = file.xib; path = FeedHeaderView.xib; sourceTree = "<group>"; };
		7C508F56188B035C00C1334E /* ProfileFeedHeaderView.xib */ = {isa = PBXFileReference; fileEncoding = 4; lastKnownFileType = file.xib; path = ProfileFeedHeaderView.xib; sourceTree = "<group>"; };
		7C6D859F191E93D3002EA534 /* MainV2.storyboard */ = {isa = PBXFileReference; fileEncoding = 4; lastKnownFileType = file.storyboard; path = MainV2.storyboard; sourceTree = "<group>"; };
		7C73FFC117E62EB50055C57C /* ProgressButton.h */ = {isa = PBXFileReference; fileEncoding = 4; lastKnownFileType = sourcecode.c.h; path = ProgressButton.h; sourceTree = "<group>"; };
		7C73FFC217E62EB50055C57C /* ProgressButton.m */ = {isa = PBXFileReference; fileEncoding = 4; lastKnownFileType = sourcecode.c.objc; path = ProgressButton.m; sourceTree = "<group>"; };
		7C73FFC417E637C50055C57C /* UIColor+Utilities.h */ = {isa = PBXFileReference; fileEncoding = 4; lastKnownFileType = sourcecode.c.h; path = "UIColor+Utilities.h"; sourceTree = "<group>"; };
		7C73FFC517E637C50055C57C /* UIColor+Utilities.m */ = {isa = PBXFileReference; fileEncoding = 4; lastKnownFileType = sourcecode.c.objc; path = "UIColor+Utilities.m"; sourceTree = "<group>"; };
		7C7657891825962A0053483B /* UIWindow+Animation.h */ = {isa = PBXFileReference; fileEncoding = 4; lastKnownFileType = sourcecode.c.h; path = "UIWindow+Animation.h"; sourceTree = "<group>"; };
		7C76578A1825962A0053483B /* UIWindow+Animation.m */ = {isa = PBXFileReference; fileEncoding = 4; lastKnownFileType = sourcecode.c.objc; path = "UIWindow+Animation.m"; sourceTree = "<group>"; };
		7C76578C182597930053483B /* Login.storyboard */ = {isa = PBXFileReference; fileEncoding = 4; lastKnownFileType = file.storyboard; path = Login.storyboard; sourceTree = "<group>"; };
		7C76578E1825AE920053483B /* FeedCell.h */ = {isa = PBXFileReference; fileEncoding = 4; lastKnownFileType = sourcecode.c.h; path = FeedCell.h; sourceTree = "<group>"; };
		7C76578F1825AE920053483B /* FeedCell.m */ = {isa = PBXFileReference; fileEncoding = 4; lastKnownFileType = sourcecode.c.objc; path = FeedCell.m; sourceTree = "<group>"; };
		7C7B354918D111FE00563569 /* ParseConstants.h */ = {isa = PBXFileReference; lastKnownFileType = sourcecode.c.h; path = ParseConstants.h; sourceTree = "<group>"; };
		7C7B354A18D1128A00563569 /* PFObject+User.h */ = {isa = PBXFileReference; fileEncoding = 4; lastKnownFileType = sourcecode.c.h; path = "PFObject+User.h"; sourceTree = "<group>"; };
		7C7B354B18D1128A00563569 /* PFObject+User.m */ = {isa = PBXFileReference; fileEncoding = 4; lastKnownFileType = sourcecode.c.objc; path = "PFObject+User.m"; sourceTree = "<group>"; };
		7C7B354D18D11E1900563569 /* NSURL+Facebook.h */ = {isa = PBXFileReference; fileEncoding = 4; lastKnownFileType = sourcecode.c.h; path = "NSURL+Facebook.h"; sourceTree = "<group>"; };
		7C7B354E18D11E1900563569 /* NSURL+Facebook.m */ = {isa = PBXFileReference; fileEncoding = 4; lastKnownFileType = sourcecode.c.objc; path = "NSURL+Facebook.m"; sourceTree = "<group>"; };
		7C7E2933183043D60036557E /* MapKit.framework */ = {isa = PBXFileReference; lastKnownFileType = wrapper.framework; name = MapKit.framework; path = System/Library/Frameworks/MapKit.framework; sourceTree = SDKROOT; };
		7C7E2935183052120036557E /* UserAnnotation.h */ = {isa = PBXFileReference; fileEncoding = 4; lastKnownFileType = sourcecode.c.h; path = UserAnnotation.h; sourceTree = "<group>"; };
		7C7E2936183052120036557E /* UserAnnotation.m */ = {isa = PBXFileReference; fileEncoding = 4; lastKnownFileType = sourcecode.c.objc; path = UserAnnotation.m; sourceTree = "<group>"; };
		7C7E293818305ACA0036557E /* MKMapView+Utilities.h */ = {isa = PBXFileReference; fileEncoding = 4; lastKnownFileType = sourcecode.c.h; path = "MKMapView+Utilities.h"; sourceTree = "<group>"; };
		7C7E293918305ACA0036557E /* MKMapView+Utilities.m */ = {isa = PBXFileReference; fileEncoding = 4; lastKnownFileType = sourcecode.c.objc; path = "MKMapView+Utilities.m"; sourceTree = "<group>"; };
		7C7E293E18306DD30036557E /* PFObject+Photo.h */ = {isa = PBXFileReference; fileEncoding = 4; lastKnownFileType = sourcecode.c.h; path = "PFObject+Photo.h"; sourceTree = "<group>"; };
		7C7E293F18306DD30036557E /* PFObject+Photo.m */ = {isa = PBXFileReference; fileEncoding = 4; lastKnownFileType = sourcecode.c.objc; path = "PFObject+Photo.m"; sourceTree = "<group>"; };
		7C8E79B919351EEE00D94E07 /* NotificationCell.xib */ = {isa = PBXFileReference; fileEncoding = 4; lastKnownFileType = file.xib; path = NotificationCell.xib; sourceTree = "<group>"; };
		7C8E79BB1935217300D94E07 /* NotificationHeaderView.h */ = {isa = PBXFileReference; fileEncoding = 4; lastKnownFileType = sourcecode.c.h; path = NotificationHeaderView.h; sourceTree = "<group>"; };
		7C8E79BC1935217300D94E07 /* NotificationHeaderView.m */ = {isa = PBXFileReference; fileEncoding = 4; lastKnownFileType = sourcecode.c.objc; path = NotificationHeaderView.m; sourceTree = "<group>"; };
		7C8E79BE193521BE00D94E07 /* NotificationHeaderView.xib */ = {isa = PBXFileReference; fileEncoding = 4; lastKnownFileType = file.xib; path = NotificationHeaderView.xib; sourceTree = "<group>"; };
		7C8E79C2193525DE00D94E07 /* InviteManager.h */ = {isa = PBXFileReference; fileEncoding = 4; lastKnownFileType = sourcecode.c.h; path = InviteManager.h; sourceTree = "<group>"; };
		7C8E79C3193525DE00D94E07 /* InviteManager.m */ = {isa = PBXFileReference; fileEncoding = 4; lastKnownFileType = sourcecode.c.objc; path = InviteManager.m; sourceTree = "<group>"; };
		7CA4901F18D66A28001D5537 /* Camera.storyboard */ = {isa = PBXFileReference; fileEncoding = 4; lastKnownFileType = file.storyboard; path = Camera.storyboard; sourceTree = "<group>"; };
		7CA4902218D67121001D5537 /* UserDefaultsManager.h */ = {isa = PBXFileReference; fileEncoding = 4; lastKnownFileType = sourcecode.c.h; path = UserDefaultsManager.h; sourceTree = "<group>"; };
		7CA4902318D67121001D5537 /* UserDefaultsManager.m */ = {isa = PBXFileReference; fileEncoding = 4; lastKnownFileType = sourcecode.c.objc; path = UserDefaultsManager.m; sourceTree = "<group>"; };
		7CBC37351874F8830016B6E4 /* NotificationSettingCell.h */ = {isa = PBXFileReference; fileEncoding = 4; lastKnownFileType = sourcecode.c.h; path = NotificationSettingCell.h; sourceTree = "<group>"; };
		7CBC37361874F8830016B6E4 /* NotificationSettingCell.m */ = {isa = PBXFileReference; fileEncoding = 4; lastKnownFileType = sourcecode.c.objc; path = NotificationSettingCell.m; sourceTree = "<group>"; };
		7CD137FD18C3F43400D534D7 /* LikersCell.h */ = {isa = PBXFileReference; fileEncoding = 4; lastKnownFileType = sourcecode.c.h; path = LikersCell.h; sourceTree = "<group>"; };
		7CD137FE18C3F43400D534D7 /* LikersCell.m */ = {isa = PBXFileReference; fileEncoding = 4; lastKnownFileType = sourcecode.c.objc; path = LikersCell.m; sourceTree = "<group>"; };
		7CD1380018C3F9E400D534D7 /* AvatarCell.h */ = {isa = PBXFileReference; fileEncoding = 4; lastKnownFileType = sourcecode.c.h; path = AvatarCell.h; sourceTree = "<group>"; };
		7CD1380118C3F9E400D534D7 /* AvatarCell.m */ = {isa = PBXFileReference; fileEncoding = 4; lastKnownFileType = sourcecode.c.objc; path = AvatarCell.m; sourceTree = "<group>"; };
		7CD1380318C4006100D534D7 /* AddCommentCell.h */ = {isa = PBXFileReference; fileEncoding = 4; lastKnownFileType = sourcecode.c.h; path = AddCommentCell.h; sourceTree = "<group>"; };
		7CD1380418C4006100D534D7 /* AddCommentCell.m */ = {isa = PBXFileReference; fileEncoding = 4; lastKnownFileType = sourcecode.c.objc; path = AddCommentCell.m; sourceTree = "<group>"; };
		7CD9507517E657CA00C70956 /* UIColor+TwoByTwo.h */ = {isa = PBXFileReference; fileEncoding = 4; lastKnownFileType = sourcecode.c.h; path = "UIColor+TwoByTwo.h"; sourceTree = "<group>"; };
		7CD9507617E657CA00C70956 /* UIColor+TwoByTwo.m */ = {isa = PBXFileReference; fileEncoding = 4; lastKnownFileType = sourcecode.c.objc; path = "UIColor+TwoByTwo.m"; sourceTree = "<group>"; };
		7CF39DDB17E0070A003A859F /* TwoByTwo.app */ = {isa = PBXFileReference; explicitFileType = wrapper.application; includeInIndex = 0; path = TwoByTwo.app; sourceTree = BUILT_PRODUCTS_DIR; };
		7CF39DDE17E0070A003A859F /* Foundation.framework */ = {isa = PBXFileReference; lastKnownFileType = wrapper.framework; name = Foundation.framework; path = System/Library/Frameworks/Foundation.framework; sourceTree = SDKROOT; };
		7CF39DE017E0070A003A859F /* CoreGraphics.framework */ = {isa = PBXFileReference; lastKnownFileType = wrapper.framework; name = CoreGraphics.framework; path = System/Library/Frameworks/CoreGraphics.framework; sourceTree = SDKROOT; };
		7CF39DE217E0070A003A859F /* UIKit.framework */ = {isa = PBXFileReference; lastKnownFileType = wrapper.framework; name = UIKit.framework; path = System/Library/Frameworks/UIKit.framework; sourceTree = SDKROOT; };
		7CF39DE617E0070A003A859F /* TwoByTwo-Info.plist */ = {isa = PBXFileReference; lastKnownFileType = text.plist.xml; path = "TwoByTwo-Info.plist"; sourceTree = "<group>"; };
		7CF39DE817E0070A003A859F /* en */ = {isa = PBXFileReference; lastKnownFileType = text.plist.strings; name = en; path = en.lproj/InfoPlist.strings; sourceTree = "<group>"; };
		7CF39DEA17E0070A003A859F /* main.m */ = {isa = PBXFileReference; lastKnownFileType = sourcecode.c.objc; path = main.m; sourceTree = "<group>"; };
		7CF39DEC17E0070A003A859F /* TwoByTwo-Prefix.pch */ = {isa = PBXFileReference; lastKnownFileType = sourcecode.c.h; path = "TwoByTwo-Prefix.pch"; sourceTree = "<group>"; };
		7CF39DED17E0070A003A859F /* AppDelegate.h */ = {isa = PBXFileReference; lastKnownFileType = sourcecode.c.h; path = AppDelegate.h; sourceTree = "<group>"; };
		7CF39DEE17E0070A003A859F /* AppDelegate.m */ = {isa = PBXFileReference; lastKnownFileType = sourcecode.c.objc; path = AppDelegate.m; sourceTree = "<group>"; };
		7CF39DF117E0070A003A859F /* Base */ = {isa = PBXFileReference; lastKnownFileType = file.storyboard; name = Base; path = Base.lproj/Main.storyboard; sourceTree = "<group>"; };
		7CF39DF617E0070A003A859F /* Images.xcassets */ = {isa = PBXFileReference; lastKnownFileType = folder.assetcatalog; path = Images.xcassets; sourceTree = "<group>"; };
		7CF39DFC17E0070B003A859F /* TwoByTwoTests.xctest */ = {isa = PBXFileReference; explicitFileType = wrapper.cfbundle; includeInIndex = 0; path = TwoByTwoTests.xctest; sourceTree = BUILT_PRODUCTS_DIR; };
		7CF39DFD17E0070B003A859F /* XCTest.framework */ = {isa = PBXFileReference; lastKnownFileType = wrapper.framework; name = XCTest.framework; path = Library/Frameworks/XCTest.framework; sourceTree = DEVELOPER_DIR; };
		7CF39E0517E0070B003A859F /* TwoByTwoTests-Info.plist */ = {isa = PBXFileReference; lastKnownFileType = text.plist.xml; path = "TwoByTwoTests-Info.plist"; sourceTree = "<group>"; };
		7CF39E0717E0070B003A859F /* en */ = {isa = PBXFileReference; lastKnownFileType = text.plist.strings; name = en; path = en.lproj/InfoPlist.strings; sourceTree = "<group>"; };
		7CF39E0917E0070B003A859F /* TwoByTwoTests.m */ = {isa = PBXFileReference; lastKnownFileType = sourcecode.c.objc; path = TwoByTwoTests.m; sourceTree = "<group>"; };
		7CF39E1317E00775003A859F /* MainViewController.h */ = {isa = PBXFileReference; fileEncoding = 4; lastKnownFileType = sourcecode.c.h; path = MainViewController.h; sourceTree = "<group>"; };
		7CF39E1417E00775003A859F /* MainViewController.m */ = {isa = PBXFileReference; fileEncoding = 4; lastKnownFileType = sourcecode.c.objc; path = MainViewController.m; sourceTree = "<group>"; };
		7CF39E1617E00782003A859F /* FeedViewController.h */ = {isa = PBXFileReference; fileEncoding = 4; lastKnownFileType = sourcecode.c.h; path = FeedViewController.h; sourceTree = "<group>"; };
		7CF39E1717E00782003A859F /* FeedViewController.m */ = {isa = PBXFileReference; fileEncoding = 4; lastKnownFileType = sourcecode.c.objc; path = FeedViewController.m; sourceTree = "<group>"; };
		7CF39E1C17E00D30003A859F /* CameraViewController.h */ = {isa = PBXFileReference; fileEncoding = 4; lastKnownFileType = sourcecode.c.h; path = CameraViewController.h; sourceTree = "<group>"; };
		7CF39E1D17E00D30003A859F /* CameraViewController.m */ = {isa = PBXFileReference; fileEncoding = 4; lastKnownFileType = sourcecode.c.objc; path = CameraViewController.m; sourceTree = "<group>"; };
		997CEE5E850E4BFC9549234B /* libPods.a */ = {isa = PBXFileReference; explicitFileType = archive.ar; includeInIndex = 0; path = libPods.a; sourceTree = BUILT_PRODUCTS_DIR; };
		BC2914AD99434DBDA12F5314 /* Pods.xcconfig */ = {isa = PBXFileReference; includeInIndex = 1; lastKnownFileType = text.xcconfig; name = Pods.xcconfig; path = Pods/Pods.xcconfig; sourceTree = "<group>"; };
/* End PBXFileReference section */

/* Begin PBXFrameworksBuildPhase section */
		7CF39DD817E0070A003A859F /* Frameworks */ = {
			isa = PBXFrameworksBuildPhase;
			buildActionMask = 2147483647;
			files = (
				1DB4232E19142DE20093470D /* UIKit.framework in Frameworks */,
				1DD9715D184BF663001D35CA /* AddressBook.framework in Frameworks */,
				1DD9715E184BF663001D35CA /* AddressBookUI.framework in Frameworks */,
				1D4207D317E6AB78008A7F98 /* SystemConfiguration.framework in Frameworks */,
				1D4207CF17E6AB62008A7F98 /* Security.framework in Frameworks */,
				1D4207CD17E6AB59008A7F98 /* QuartzCore.framework in Frameworks */,
				1D4207CB17E6AB4F008A7F98 /* MobileCoreServices.framework in Frameworks */,
				1D4207C917E6AB42008A7F98 /* libz.1.1.3.dylib in Frameworks */,
				1D4207C717E6AB2D008A7F98 /* CoreLocation.framework in Frameworks */,
				1D4207C517E6AB1E008A7F98 /* CFNetwork.framework in Frameworks */,
				7CF39DE117E0070A003A859F /* CoreGraphics.framework in Frameworks */,
				7CF39DDF17E0070A003A859F /* Foundation.framework in Frameworks */,
				8AB5BC5834294D7CBF47B62A /* libPods.a in Frameworks */,
			);
			runOnlyForDeploymentPostprocessing = 0;
		};
		7CF39DF917E0070B003A859F /* Frameworks */ = {
			isa = PBXFrameworksBuildPhase;
			buildActionMask = 2147483647;
			files = (
				7CF39DFE17E0070B003A859F /* XCTest.framework in Frameworks */,
				7CF39E0017E0070B003A859F /* UIKit.framework in Frameworks */,
				7CF39DFF17E0070B003A859F /* Foundation.framework in Frameworks */,
			);
			runOnlyForDeploymentPostprocessing = 0;
		};
/* End PBXFrameworksBuildPhase section */

/* Begin PBXGroup section */
		1D0A5F6118675EFE0086FE1C /* Notifications */ = {
			isa = PBXGroup;
			children = (
				1D0A5F651867616E0086FE1C /* NotificationsViewController.h */,
				1D0A5F661867616E0086FE1C /* NotificationsViewController.m */,
			);
			name = Notifications;
			sourceTree = "<group>";
		};
		1D2A4B1B18DF72F100D9BDF9 /* InstagramActivity */ = {
			isa = PBXGroup;
			children = (
				1D2A4B1C18DF72F100D9BDF9 /* DMActivityInstagram.h */,
				1D2A4B1D18DF72F100D9BDF9 /* DMActivityInstagram.m */,
				1D2A4B1E18DF72F100D9BDF9 /* DMResizerViewController.h */,
				1D2A4B1F18DF72F100D9BDF9 /* DMResizerViewController.m */,
				1D2A4B2018DF72F100D9BDF9 /* DMResizerViewController.xib */,
				1D2A4B2118DF72F100D9BDF9 /* instagram.png */,
				1D2A4B2218DF72F100D9BDF9 /* instagram@2x.png */,
				1D2A4B2318DF72F100D9BDF9 /* instagram~ipad.png */,
				1D2A4B2418DF72F100D9BDF9 /* instagram~ipad@2x.png */,
			);
			path = InstagramActivity;
			sourceTree = "<group>";
		};
		1D4A81071854431B007227BB /* EditProfile */ = {
			isa = PBXGroup;
			children = (
				1D4A81081854433D007227BB /* EditProfileViewController.h */,
				1D4A81091854433D007227BB /* EditProfileViewController.m */,
			);
			name = EditProfile;
			sourceTree = "<group>";
		};
		1D79631A18F3158F0022EFD1 /* Find Twitter Friends */ = {
			isa = PBXGroup;
			children = (
				1D79631B18F315C90022EFD1 /* FindTwitterFriendsViewController.h */,
				1D79631C18F315C90022EFD1 /* FindTwitterFriendsViewController.m */,
			);
			name = "Find Twitter Friends";
			sourceTree = "<group>";
		};
		1DB0C7AE18464DB1002626C8 /* EverythingElse */ = {
			isa = PBXGroup;
			children = (
				1DB0C7AF18464DED002626C8 /* EverythingElseViewController.h */,
				1DB0C7B018464DED002626C8 /* EverythingElseViewController.m */,
				1DB0C7FA184A6350002626C8 /* About */,
				1DB0C7F618467EBB002626C8 /* Notification Settings */,
				1DB0C7FE184A65C2002626C8 /* Find & Invite Friends */,
			);
			name = EverythingElse;
			sourceTree = "<group>";
		};
		1DB0C7F618467EBB002626C8 /* Notification Settings */ = {
			isa = PBXGroup;
			children = (
				1DB0C7F718467EF1002626C8 /* NotificationSettingsViewController.h */,
				1DB0C7F818467EF1002626C8 /* NotificationSettingsViewController.m */,
				7CBC37351874F8830016B6E4 /* NotificationSettingCell.h */,
				7CBC37361874F8830016B6E4 /* NotificationSettingCell.m */,
			);
			name = "Notification Settings";
			sourceTree = "<group>";
		};
		1DB0C7FA184A6350002626C8 /* About */ = {
			isa = PBXGroup;
			children = (
				1DD97164184CCDBF001D35CA /* html */,
				1DB0C7FB184A636A002626C8 /* AboutViewController.h */,
				1DB0C7FC184A636A002626C8 /* AboutViewController.m */,
				1DD97188184CD290001D35CA /* WebViewController.h */,
				1DD97189184CD290001D35CA /* WebViewController.m */,
			);
			name = About;
			sourceTree = "<group>";
		};
		1DB0C7FE184A65C2002626C8 /* Find & Invite Friends */ = {
			isa = PBXGroup;
			children = (
				1DB0C7FF184A65F6002626C8 /* FindInviteFriendsViewController.h */,
				1DB0C800184A65F6002626C8 /* FindInviteFriendsViewController.m */,
				1D79631A18F3158F0022EFD1 /* Find Twitter Friends */,
				1DB0C802184A6B05002626C8 /* Find Facebook friends */,
				1DD9715F184BF68D001D35CA /* Find Contact Friends */,
			);
			name = "Find & Invite Friends";
			sourceTree = "<group>";
		};
		1DB0C802184A6B05002626C8 /* Find Facebook friends */ = {
			isa = PBXGroup;
			children = (
				1DB0C803184A6B29002626C8 /* FindFacebookFriendsViewController.h */,
				1DB0C804184A6B29002626C8 /* FindFacebookFriendsViewController.m */,
				1DB0C806184A8D0B002626C8 /* FindFacebookFriendCell.h */,
				1DB0C807184A8D0B002626C8 /* FindFacebookFriendCell.m */,
				1D24D30E18D7383E005C196B /* FindFacebookFriendsCell.xib */,
			);
			name = "Find Facebook friends";
			sourceTree = "<group>";
		};
		1DCD412518083B88007A5D56 /* Login */ = {
			isa = PBXGroup;
			children = (
				1DCD412718083BA2007A5D56 /* LoginViewController.h */,
				1DCD412618083BA2007A5D56 /* LoginViewController.m */,
			);
			name = Login;
			sourceTree = "<group>";
		};
		1DD9715F184BF68D001D35CA /* Find Contact Friends */ = {
			isa = PBXGroup;
			children = (
				1DD97160184C065D001D35CA /* FindContactsViewController.h */,
				1DD97161184C065D001D35CA /* FindContactsViewController.m */,
			);
			name = "Find Contact Friends";
			sourceTree = "<group>";
		};
		1DD97164184CCDBF001D35CA /* html */ = {
			isa = PBXGroup;
			children = (
				1DD97165184CCDD9001D35CA /* aboutUs.html */,
				1DD97166184CCDD9001D35CA /* contact.html */,
				1DD97167184CCDD9001D35CA /* Terms.html */,
			);
			name = html;
			sourceTree = "<group>";
		};
		7C16CF3E18397839007EA62D /* Views */ = {
			isa = PBXGroup;
			children = (
				7C73FFC117E62EB50055C57C /* ProgressButton.h */,
				7C73FFC217E62EB50055C57C /* ProgressButton.m */,
				7C16CF3B1839738B007EA62D /* IconSegmentedControl.h */,
				7C16CF3C1839738B007EA62D /* IconSegmentedControl.m */,
			);
			name = Views;
			sourceTree = "<group>";
		};
		7C16CF3F18397854007EA62D /* Models */ = {
			isa = PBXGroup;
			children = (
				7C7B354918D111FE00563569 /* ParseConstants.h */,
				7C7E293E18306DD30036557E /* PFObject+Photo.h */,
				7C7E293F18306DD30036557E /* PFObject+Photo.m */,
				7C7B354A18D1128A00563569 /* PFObject+User.h */,
				7C7B354B18D1128A00563569 /* PFObject+User.m */,
				7C7E2935183052120036557E /* UserAnnotation.h */,
				7C7E2936183052120036557E /* UserAnnotation.m */,
				7CA4902218D67121001D5537 /* UserDefaultsManager.h */,
				7CA4902318D67121001D5537 /* UserDefaultsManager.m */,
			);
			name = Models;
			sourceTree = "<group>";
		};
		7C1BFA3B187629F50076EFF2 /* Fonts */ = {
			isa = PBXGroup;
			children = (
				7C1BFA3C187629F50076EFF2 /* Dosis-Light.ttf */,
				7C1BFA3E187629F50076EFF2 /* Dosis-Regular.ttf */,
				7C1BFA3D187629F50076EFF2 /* Dosis-Medium.ttf */,
			);
			path = Fonts;
			sourceTree = SOURCE_ROOT;
		};
		7C7657911825AEA40053483B /* Cells */ = {
			isa = PBXGroup;
			children = (
				7C0681B718C2F13C00B8BFD6 /* ThumbCell.h */,
				7C0681B818C2F13C00B8BFD6 /* ThumbCell.m */,
				7C0681BA18C2F14600B8BFD6 /* ThumbCell.xib */,
				7C76578E1825AE920053483B /* FeedCell.h */,
				7C76578F1825AE920053483B /* FeedCell.m */,
				7C0681AD18C2E4D200B8BFD6 /* FeedCell.xib */,
				1DF6A71F1884ABD900FB913D /* NotificationCell.h */,
				1DF6A7201884ABD900FB913D /* NotificationCell.m */,
				7C8E79B919351EEE00D94E07 /* NotificationCell.xib */,
			);
			name = Cells;
			sourceTree = "<group>";
		};
		7C8E79C01935248800D94E07 /* Header */ = {
			isa = PBXGroup;
			children = (
				7C508F51188AFB1E00C1334E /* FeedHeaderView.h */,
				7C508F52188AFB1E00C1334E /* FeedHeaderView.m */,
				7C508F54188B028700C1334E /* FeedHeaderView.xib */,
				7C476778191EFDDD00333C59 /* PopularFeedHeaderView.h */,
				7C476779191EFDDD00333C59 /* PopularFeedHeaderView.m */,
				7C47677B191EFDE500333C59 /* PopularFeedHeaderView.xib */,
				7C16CF401839853B007EA62D /* ProfileFeedHeaderView.h */,
				7C16CF411839853B007EA62D /* ProfileFeedHeaderView.m */,
				7C508F56188B035C00C1334E /* ProfileFeedHeaderView.xib */,
				7C8E79BB1935217300D94E07 /* NotificationHeaderView.h */,
				7C8E79BC1935217300D94E07 /* NotificationHeaderView.m */,
				7C8E79BE193521BE00D94E07 /* NotificationHeaderView.xib */,
			);
			name = Header;
			sourceTree = "<group>";
		};
		7C8E79C11935248F00D94E07 /* Footer */ = {
			isa = PBXGroup;
			children = (
				1D568E93189756930043AB04 /* FeedFooterView.h */,
				1D568E94189756930043AB04 /* FeedFooterView.m */,
				1D568E96189756CC0043AB04 /* FeedFooterView.xib */,
			);
			name = Footer;
			sourceTree = "<group>";
		};
		7CB4394918C3EE4900AEA876 /* PDP */ = {
			isa = PBXGroup;
			children = (
				7CF39E1617E00782003A859F /* FeedViewController.h */,
				7CF39E1717E00782003A859F /* FeedViewController.m */,
				7C0681AF18C2E57100B8BFD6 /* PDPViewController.h */,
				7C0681B018C2E57100B8BFD6 /* PDPViewController.m */,
				7CD137FD18C3F43400D534D7 /* LikersCell.h */,
				7CD137FE18C3F43400D534D7 /* LikersCell.m */,
				7CD1380018C3F9E400D534D7 /* AvatarCell.h */,
				7CD1380118C3F9E400D534D7 /* AvatarCell.m */,
				7C070105187398690011845D /* CommentCell.h */,
				7C070106187398690011845D /* CommentCell.m */,
				7CD1380318C4006100D534D7 /* AddCommentCell.h */,
				7CD1380418C4006100D534D7 /* AddCommentCell.m */,
			);
			name = PDP;
			sourceTree = "<group>";
		};
		7CD9507417E657BC00C70956 /* Categories */ = {
			isa = PBXGroup;
			children = (
				1D2A4B1B18DF72F100D9BDF9 /* InstagramActivity */,
				7C7657891825962A0053483B /* UIWindow+Animation.h */,
				7C76578A1825962A0053483B /* UIWindow+Animation.m */,
				7C1BFA4218762A6D0076EFF2 /* UIFont+TwoByTwo.h */,
				7C1BFA4318762A6D0076EFF2 /* UIFont+TwoByTwo.m */,
				7C73FFC417E637C50055C57C /* UIColor+Utilities.h */,
				7C73FFC517E637C50055C57C /* UIColor+Utilities.m */,
				7CD9507517E657CA00C70956 /* UIColor+TwoByTwo.h */,
				7CD9507617E657CA00C70956 /* UIColor+TwoByTwo.m */,
				1D1B34EB181B203800E6F26A /* UIImage+Addon.h */,
				1D1B34EC181B203800E6F26A /* UIImage+Addon.m */,
				7C7E293818305ACA0036557E /* MKMapView+Utilities.h */,
				7C7E293918305ACA0036557E /* MKMapView+Utilities.m */,
				7C0701081873A6B90011845D /* NSDate+Addon.h */,
				7C0701091873A6B90011845D /* NSDate+Addon.m */,
				7C7B354D18D11E1900563569 /* NSURL+Facebook.h */,
				7C7B354E18D11E1900563569 /* NSURL+Facebook.m */,
				7C476769191EB44600333C59 /* UICollectionView+Addon.h */,
				7C47676A191EB44600333C59 /* UICollectionView+Addon.m */,
				7C47676F191EBBF200333C59 /* UICollectionView+Pagination.h */,
				7C476770191EBBF200333C59 /* UICollectionView+Pagination.m */,
			);
			name = Categories;
			sourceTree = "<group>";
		};
		7CD9507C17E665AA00C70956 /* Controllers */ = {
			isa = PBXGroup;
			children = (
				7C8E79C2193525DE00D94E07 /* InviteManager.h */,
				7C8E79C3193525DE00D94E07 /* InviteManager.m */,
				1DCD412518083B88007A5D56 /* Login */,
				7CF39E2117E00D3F003A859F /* Main */,
				7CB4394918C3EE4900AEA876 /* PDP */,
				1D0A5F6118675EFE0086FE1C /* Notifications */,
				7CF39E2017E00D3A003A859F /* Camera */,
				1DB0C7AE18464DB1002626C8 /* EverythingElse */,
				1D4A81071854431B007227BB /* EditProfile */,
			);
			name = Controllers;
			sourceTree = "<group>";
		};
		7CF39DD217E0070A003A859F = {
			isa = PBXGroup;
			children = (
				7CF39DE417E0070A003A859F /* TwoByTwo */,
				7CF39E0317E0070B003A859F /* TwoByTwoTests */,
				7CF39DDD17E0070A003A859F /* Frameworks */,
				7CF39DDC17E0070A003A859F /* Products */,
				BC2914AD99434DBDA12F5314 /* Pods.xcconfig */,
			);
			sourceTree = "<group>";
		};
		7CF39DDC17E0070A003A859F /* Products */ = {
			isa = PBXGroup;
			children = (
				7CF39DDB17E0070A003A859F /* TwoByTwo.app */,
				7CF39DFC17E0070B003A859F /* TwoByTwoTests.xctest */,
			);
			name = Products;
			sourceTree = "<group>";
		};
		7CF39DDD17E0070A003A859F /* Frameworks */ = {
			isa = PBXGroup;
			children = (
				1DDC01071868E3DF00292DA2 /* Social.framework */,
				1DD9715B184BF663001D35CA /* AddressBook.framework */,
				1DD9715C184BF663001D35CA /* AddressBookUI.framework */,
				7C7E2933183043D60036557E /* MapKit.framework */,
				1D74B5701809A681005A4937 /* StoreKit.framework */,
				1D4207D217E6AB78008A7F98 /* SystemConfiguration.framework */,
				1D4207CE17E6AB62008A7F98 /* Security.framework */,
				1D4207CC17E6AB59008A7F98 /* QuartzCore.framework */,
				1D4207CA17E6AB4F008A7F98 /* MobileCoreServices.framework */,
				1D4207C817E6AB42008A7F98 /* libz.1.1.3.dylib */,
				1D4207C617E6AB2D008A7F98 /* CoreLocation.framework */,
				1D4207C417E6AB1E008A7F98 /* CFNetwork.framework */,
				1D4207C217E6AB10008A7F98 /* AudioToolbox.framework */,
				7CF39DDE17E0070A003A859F /* Foundation.framework */,
				7CF39DE017E0070A003A859F /* CoreGraphics.framework */,
				7CF39DE217E0070A003A859F /* UIKit.framework */,
				7CF39DFD17E0070B003A859F /* XCTest.framework */,
				997CEE5E850E4BFC9549234B /* libPods.a */,
			);
			name = Frameworks;
			sourceTree = "<group>";
		};
		7CF39DE417E0070A003A859F /* TwoByTwo */ = {
			isa = PBXGroup;
			children = (
				7CF39DED17E0070A003A859F /* AppDelegate.h */,
				7CF39DEE17E0070A003A859F /* AppDelegate.m */,
				7C76578C182597930053483B /* Login.storyboard */,
				7CF39DF017E0070A003A859F /* Main.storyboard */,
				7C6D859F191E93D3002EA534 /* MainV2.storyboard */,
				7CF39DF617E0070A003A859F /* Images.xcassets */,
				7C476775191EDCC600333C59 /* Constants.h */,
				7C476776191EDCC600333C59 /* Constants.m */,
				7CD9507C17E665AA00C70956 /* Controllers */,
				7C16CF3E18397839007EA62D /* Views */,
				7C16CF3F18397854007EA62D /* Models */,
				7CD9507417E657BC00C70956 /* Categories */,
				7C1BFA3B187629F50076EFF2 /* Fonts */,
				7CF39DE517E0070A003A859F /* Supporting Files */,
			);
			path = TwoByTwo;
			sourceTree = "<group>";
		};
		7CF39DE517E0070A003A859F /* Supporting Files */ = {
			isa = PBXGroup;
			children = (
				7CF39DE617E0070A003A859F /* TwoByTwo-Info.plist */,
				7CF39DE717E0070A003A859F /* InfoPlist.strings */,
				7CF39DEA17E0070A003A859F /* main.m */,
				7CF39DEC17E0070A003A859F /* TwoByTwo-Prefix.pch */,
			);
			name = "Supporting Files";
			sourceTree = "<group>";
		};
		7CF39E0317E0070B003A859F /* TwoByTwoTests */ = {
			isa = PBXGroup;
			children = (
				7CF39E0917E0070B003A859F /* TwoByTwoTests.m */,
				7CF39E0417E0070B003A859F /* Supporting Files */,
			);
			path = TwoByTwoTests;
			sourceTree = "<group>";
		};
		7CF39E0417E0070B003A859F /* Supporting Files */ = {
			isa = PBXGroup;
			children = (
				7CF39E0517E0070B003A859F /* TwoByTwoTests-Info.plist */,
				7CF39E0617E0070B003A859F /* InfoPlist.strings */,
			);
			name = "Supporting Files";
			sourceTree = "<group>";
		};
		7CF39E2017E00D3A003A859F /* Camera */ = {
			isa = PBXGroup;
			children = (
				7CA4901F18D66A28001D5537 /* Camera.storyboard */,
				7CF39E1C17E00D30003A859F /* CameraViewController.h */,
				7CF39E1D17E00D30003A859F /* CameraViewController.m */,
				7C3964A1189D997E000FB989 /* CustomPickerView.h */,
				7C3964A2189D997E000FB989 /* CustomPickerView.m */,
				7C3964A9189D9B2F000FB989 /* ImageCell.h */,
				7C3964AA189D9B2F000FB989 /* ImageCell.m */,
				7C3964A7189D9AF2000FB989 /* ImageCell.xib */,
			);
			name = Camera;
			sourceTree = "<group>";
		};
		7CF39E2117E00D3F003A859F /* Main */ = {
			isa = PBXGroup;
			children = (
				7CF39E1317E00775003A859F /* MainViewController.h */,
				7CF39E1417E00775003A859F /* MainViewController.m */,
				7C476764191E9F8300333C59 /* ContainerCell.h */,
				7C476765191E9F8300333C59 /* ContainerCell.m */,
				7C47676C191EBA1E00333C59 /* PopularContainerCell.h */,
				7C47676D191EBA1E00333C59 /* PopularContainerCell.m */,
				7C476772191EBCD800333C59 /* PublicContainerCell.h */,
				7C476773191EBCD800333C59 /* PublicContainerCell.m */,
				7C47677D191F066800333C59 /* FriendsContainerCell.h */,
				7C47677E191F066800333C59 /* FriendsContainerCell.m */,
				7C476780191F067F00333C59 /* ProfileContainerCell.h */,
				7C476781191F067F00333C59 /* ProfileContainerCell.m */,
				7C476783191F068E00333C59 /* NotificationsContainerCell.h */,
				7C476784191F068E00333C59 /* NotificationsContainerCell.m */,
				7C8E79C01935248800D94E07 /* Header */,
				7C8E79C11935248F00D94E07 /* Footer */,
				7C7657911825AEA40053483B /* Cells */,
			);
			name = Main;
			sourceTree = "<group>";
		};
/* End PBXGroup section */

/* Begin PBXNativeTarget section */
		7CF39DDA17E0070A003A859F /* TwoByTwo */ = {
			isa = PBXNativeTarget;
			buildConfigurationList = 7CF39E0D17E0070B003A859F /* Build configuration list for PBXNativeTarget "TwoByTwo" */;
			buildPhases = (
				CA18EF39E959436CBA26F577 /* Check Pods Manifest.lock */,
				7CF39DD717E0070A003A859F /* Sources */,
				7CF39DD817E0070A003A859F /* Frameworks */,
				7CF39DD917E0070A003A859F /* Resources */,
				A7BB683DDC9545D4845B83CA /* Copy Pods Resources */,
			);
			buildRules = (
			);
			dependencies = (
			);
			name = TwoByTwo;
			productName = TwoByTwo;
			productReference = 7CF39DDB17E0070A003A859F /* TwoByTwo.app */;
			productType = "com.apple.product-type.application";
		};
		7CF39DFB17E0070B003A859F /* TwoByTwoTests */ = {
			isa = PBXNativeTarget;
			buildConfigurationList = 7CF39E1017E0070B003A859F /* Build configuration list for PBXNativeTarget "TwoByTwoTests" */;
			buildPhases = (
				7CF39DF817E0070B003A859F /* Sources */,
				7CF39DF917E0070B003A859F /* Frameworks */,
				7CF39DFA17E0070B003A859F /* Resources */,
			);
			buildRules = (
			);
			dependencies = (
				7CF39E0217E0070B003A859F /* PBXTargetDependency */,
			);
			name = TwoByTwoTests;
			productName = TwoByTwoTests;
			productReference = 7CF39DFC17E0070B003A859F /* TwoByTwoTests.xctest */;
			productType = "com.apple.product-type.bundle.unit-test";
		};
/* End PBXNativeTarget section */

/* Begin PBXProject section */
		7CF39DD317E0070A003A859F /* Project object */ = {
			isa = PBXProject;
			attributes = {
				LastUpgradeCheck = 0500;
				ORGANIZATIONNAME = "Joseph Lin";
				TargetAttributes = {
					7CF39DDA17E0070A003A859F = {
						DevelopmentTeam = 62ZQN87A2T;
						SystemCapabilities = {
							com.apple.InAppPurchase = {
								enabled = 0;
							};
							com.apple.iCloud = {
								enabled = 0;
							};
							com.apple.iOS = {
								enabled = 0;
							};
						};
					};
					7CF39DFB17E0070B003A859F = {
						TestTargetID = 7CF39DDA17E0070A003A859F;
					};
				};
			};
			buildConfigurationList = 7CF39DD617E0070A003A859F /* Build configuration list for PBXProject "TwoByTwo" */;
			compatibilityVersion = "Xcode 3.2";
			developmentRegion = English;
			hasScannedForEncodings = 0;
			knownRegions = (
				en,
				Base,
			);
			mainGroup = 7CF39DD217E0070A003A859F;
			productRefGroup = 7CF39DDC17E0070A003A859F /* Products */;
			projectDirPath = "";
			projectRoot = "";
			targets = (
				7CF39DDA17E0070A003A859F /* TwoByTwo */,
				7CF39DFB17E0070B003A859F /* TwoByTwoTests */,
			);
		};
/* End PBXProject section */

/* Begin PBXResourcesBuildPhase section */
		7CF39DD917E0070A003A859F /* Resources */ = {
			isa = PBXResourcesBuildPhase;
			buildActionMask = 2147483647;
			files = (
				7C3964A8189D9AF2000FB989 /* ImageCell.xib in Resources */,
				1DD9716A184CCDD9001D35CA /* Terms.html in Resources */,
				7C76578D182597930053483B /* Login.storyboard in Resources */,
				7C8E79BF193521BE00D94E07 /* NotificationHeaderView.xib in Resources */,
				1D2A4B2718DF72F100D9BDF9 /* DMResizerViewController.xib in Resources */,
				1D2A4B2B18DF72F100D9BDF9 /* instagram~ipad@2x.png in Resources */,
				7C1BFA3F187629F50076EFF2 /* Dosis-Light.ttf in Resources */,
				7CF39DF717E0070A003A859F /* Images.xcassets in Resources */,
				1D2A4B2918DF72F100D9BDF9 /* instagram@2x.png in Resources */,
				7C0681BB18C2F14600B8BFD6 /* ThumbCell.xib in Resources */,
				7C47677C191EFDE500333C59 /* PopularFeedHeaderView.xib in Resources */,
				1D24D30F18D7383E005C196B /* FindFacebookFriendsCell.xib in Resources */,
				7CF39DE917E0070A003A859F /* InfoPlist.strings in Resources */,
				7C1BFA40187629F50076EFF2 /* Dosis-Medium.ttf in Resources */,
				7CA4902018D66A28001D5537 /* Camera.storyboard in Resources */,
				7C6D85A0191E93D3002EA534 /* MainV2.storyboard in Resources */,
				7C1BFA41187629F50076EFF2 /* Dosis-Regular.ttf in Resources */,
				1DD97169184CCDD9001D35CA /* contact.html in Resources */,
				7C0681AE18C2E4D200B8BFD6 /* FeedCell.xib in Resources */,
				1D568E97189756CC0043AB04 /* FeedFooterView.xib in Resources */,
				1D2A4B2A18DF72F100D9BDF9 /* instagram~ipad.png in Resources */,
				7C8E79BA19351EEE00D94E07 /* NotificationCell.xib in Resources */,
				7C508F57188B035C00C1334E /* ProfileFeedHeaderView.xib in Resources */,
				7C508F55188B028700C1334E /* FeedHeaderView.xib in Resources */,
				1D2A4B2818DF72F100D9BDF9 /* instagram.png in Resources */,
				1DD97168184CCDD9001D35CA /* aboutUs.html in Resources */,
			);
			runOnlyForDeploymentPostprocessing = 0;
		};
		7CF39DFA17E0070B003A859F /* Resources */ = {
			isa = PBXResourcesBuildPhase;
			buildActionMask = 2147483647;
			files = (
				7CF39E0817E0070B003A859F /* InfoPlist.strings in Resources */,
			);
			runOnlyForDeploymentPostprocessing = 0;
		};
/* End PBXResourcesBuildPhase section */

/* Begin PBXShellScriptBuildPhase section */
		A7BB683DDC9545D4845B83CA /* Copy Pods Resources */ = {
			isa = PBXShellScriptBuildPhase;
			buildActionMask = 2147483647;
			files = (
			);
			inputPaths = (
			);
			name = "Copy Pods Resources";
			outputPaths = (
			);
			runOnlyForDeploymentPostprocessing = 0;
			shellPath = /bin/sh;
			shellScript = "\"${SRCROOT}/Pods/Pods-resources.sh\"\n";
			showEnvVarsInLog = 0;
		};
		CA18EF39E959436CBA26F577 /* Check Pods Manifest.lock */ = {
			isa = PBXShellScriptBuildPhase;
			buildActionMask = 2147483647;
			files = (
			);
			inputPaths = (
			);
			name = "Check Pods Manifest.lock";
			outputPaths = (
			);
			runOnlyForDeploymentPostprocessing = 0;
			shellPath = /bin/sh;
			shellScript = "diff \"${PODS_ROOT}/../Podfile.lock\" \"${PODS_ROOT}/Manifest.lock\" > /dev/null\nif [[ $? != 0 ]] ; then\n    cat << EOM\nerror: The sandbox is not in sync with the Podfile.lock. Run 'pod install' or update your CocoaPods installation.\nEOM\n    exit 1\nfi\n";
			showEnvVarsInLog = 0;
		};
/* End PBXShellScriptBuildPhase section */

/* Begin PBXSourcesBuildPhase section */
		7CF39DD717E0070A003A859F /* Sources */ = {
			isa = PBXSourcesBuildPhase;
			buildActionMask = 2147483647;
			files = (
				7C07010A1873A6B90011845D /* NSDate+Addon.m in Sources */,
				7C3964AB189D9B2F000FB989 /* ImageCell.m in Sources */,
				7CBC37371874F8830016B6E4 /* NotificationSettingCell.m in Sources */,
				7C8E79C4193525DE00D94E07 /* InviteManager.m in Sources */,
				7C7E294018306DD30036557E /* PFObject+Photo.m in Sources */,
				1D568E95189756930043AB04 /* FeedFooterView.m in Sources */,
				7C76578B1825962A0053483B /* UIWindow+Animation.m in Sources */,
				7C476771191EBBF200333C59 /* UICollectionView+Pagination.m in Sources */,
				7C7E293A18305ACA0036557E /* MKMapView+Utilities.m in Sources */,
				1DB0C7FD184A636A002626C8 /* AboutViewController.m in Sources */,
				1DF6A7211884ABD900FB913D /* NotificationCell.m in Sources */,
				7CF39DEF17E0070A003A859F /* AppDelegate.m in Sources */,
				7C0681B118C2E57100B8BFD6 /* PDPViewController.m in Sources */,
				1D4A810A1854433D007227BB /* EditProfileViewController.m in Sources */,
				1D0A5F671867616E0086FE1C /* NotificationsViewController.m in Sources */,
				7C476766191E9F8300333C59 /* ContainerCell.m in Sources */,
				7C7657901825AE920053483B /* FeedCell.m in Sources */,
				1D2A4B2618DF72F100D9BDF9 /* DMResizerViewController.m in Sources */,
				7CA4902418D67121001D5537 /* UserDefaultsManager.m in Sources */,
				7C16CF3D1839738B007EA62D /* IconSegmentedControl.m in Sources */,
				7CD1380518C4006100D534D7 /* AddCommentCell.m in Sources */,
				7CD9507717E657CA00C70956 /* UIColor+TwoByTwo.m in Sources */,
				7C476782191F067F00333C59 /* ProfileContainerCell.m in Sources */,
				7CF39E1517E00775003A859F /* MainViewController.m in Sources */,
				7C476774191EBCD800333C59 /* PublicContainerCell.m in Sources */,
				7C47676E191EBA1E00333C59 /* PopularContainerCell.m in Sources */,
				7C73FFC317E62EB50055C57C /* ProgressButton.m in Sources */,
				7C3964A3189D997E000FB989 /* CustomPickerView.m in Sources */,
				7C1BFA4418762A6D0076EFF2 /* UIFont+TwoByTwo.m in Sources */,
				1DB0C801184A65F6002626C8 /* FindInviteFriendsViewController.m in Sources */,
				7C476785191F068E00333C59 /* NotificationsContainerCell.m in Sources */,
				7C7E2937183052120036557E /* UserAnnotation.m in Sources */,
				1D2A4B2518DF72F100D9BDF9 /* DMActivityInstagram.m in Sources */,
				1DB0C7B118464DED002626C8 /* EverythingElseViewController.m in Sources */,
				7CF39E1E17E00D30003A859F /* CameraViewController.m in Sources */,
				7C070107187398690011845D /* CommentCell.m in Sources */,
				7C508F53188AFB1E00C1334E /* FeedHeaderView.m in Sources */,
				7C73FFC617E637C50055C57C /* UIColor+Utilities.m in Sources */,
				1DB0C805184A6B29002626C8 /* FindFacebookFriendsViewController.m in Sources */,
				1DB0C7F918467EF1002626C8 /* NotificationSettingsViewController.m in Sources */,
				7C47676B191EB44600333C59 /* UICollectionView+Addon.m in Sources */,
				7C16CF421839853B007EA62D /* ProfileFeedHeaderView.m in Sources */,
				7C7B354C18D1128A00563569 /* PFObject+User.m in Sources */,
				7C8E79BD1935217300D94E07 /* NotificationHeaderView.m in Sources */,
				7C7B354F18D11E1900563569 /* NSURL+Facebook.m in Sources */,
				1DD9718A184CD290001D35CA /* WebViewController.m in Sources */,
				1DD97162184C065D001D35CA /* FindContactsViewController.m in Sources */,
				7C47677A191EFDDD00333C59 /* PopularFeedHeaderView.m in Sources */,
				7C476777191EDCC600333C59 /* Constants.m in Sources */,
				1D79631D18F315C90022EFD1 /* FindTwitterFriendsViewController.m in Sources */,
				1D1B34ED181B203800E6F26A /* UIImage+Addon.m in Sources */,
				7CF39E1817E00782003A859F /* FeedViewController.m in Sources */,
				7CD137FF18C3F43400D534D7 /* LikersCell.m in Sources */,
				7CD1380218C3F9E400D534D7 /* AvatarCell.m in Sources */,
				7CF39DEB17E0070A003A859F /* main.m in Sources */,
				7C47677F191F066800333C59 /* FriendsContainerCell.m in Sources */,
				1DB0C808184A8D0B002626C8 /* FindFacebookFriendCell.m in Sources */,
				7C0681B918C2F13C00B8BFD6 /* ThumbCell.m in Sources */,
				1DCD412818083BA2007A5D56 /* LoginViewController.m in Sources */,
			);
			runOnlyForDeploymentPostprocessing = 0;
		};
		7CF39DF817E0070B003A859F /* Sources */ = {
			isa = PBXSourcesBuildPhase;
			buildActionMask = 2147483647;
			files = (
				7CF39E0A17E0070B003A859F /* TwoByTwoTests.m in Sources */,
			);
			runOnlyForDeploymentPostprocessing = 0;
		};
/* End PBXSourcesBuildPhase section */

/* Begin PBXTargetDependency section */
		7CF39E0217E0070B003A859F /* PBXTargetDependency */ = {
			isa = PBXTargetDependency;
			target = 7CF39DDA17E0070A003A859F /* TwoByTwo */;
			targetProxy = 7CF39E0117E0070B003A859F /* PBXContainerItemProxy */;
		};
/* End PBXTargetDependency section */

/* Begin PBXVariantGroup section */
		7CF39DE717E0070A003A859F /* InfoPlist.strings */ = {
			isa = PBXVariantGroup;
			children = (
				7CF39DE817E0070A003A859F /* en */,
			);
			name = InfoPlist.strings;
			sourceTree = "<group>";
		};
		7CF39DF017E0070A003A859F /* Main.storyboard */ = {
			isa = PBXVariantGroup;
			children = (
				7CF39DF117E0070A003A859F /* Base */,
			);
			name = Main.storyboard;
			sourceTree = "<group>";
		};
		7CF39E0617E0070B003A859F /* InfoPlist.strings */ = {
			isa = PBXVariantGroup;
			children = (
				7CF39E0717E0070B003A859F /* en */,
			);
			name = InfoPlist.strings;
			sourceTree = "<group>";
		};
/* End PBXVariantGroup section */

/* Begin XCBuildConfiguration section */
		7CF39E0B17E0070B003A859F /* Debug */ = {
			isa = XCBuildConfiguration;
			buildSettings = {
				ALWAYS_SEARCH_USER_PATHS = NO;
				CLANG_CXX_LANGUAGE_STANDARD = "gnu++0x";
				CLANG_CXX_LIBRARY = "libc++";
				CLANG_ENABLE_MODULES = YES;
				CLANG_ENABLE_OBJC_ARC = YES;
				CLANG_WARN_BOOL_CONVERSION = YES;
				CLANG_WARN_CONSTANT_CONVERSION = YES;
				CLANG_WARN_DIRECT_OBJC_ISA_USAGE = YES_ERROR;
				CLANG_WARN_EMPTY_BODY = YES;
				CLANG_WARN_ENUM_CONVERSION = YES;
				CLANG_WARN_INT_CONVERSION = YES;
				CLANG_WARN_OBJC_ROOT_CLASS = YES_ERROR;
				CLANG_WARN__DUPLICATE_METHOD_MATCH = YES;
				CODE_SIGN_IDENTITY = "iPhone Developer: Juan Tubert (27723H66MG)";
				"CODE_SIGN_IDENTITY[sdk=iphoneos*]" = "iPhone Developer: Juan Tubert (27723H66MG)";
				COPY_PHASE_STRIP = NO;
				GCC_C_LANGUAGE_STANDARD = gnu99;
				GCC_DYNAMIC_NO_PIC = NO;
				GCC_OPTIMIZATION_LEVEL = 0;
				GCC_PREPROCESSOR_DEFINITIONS = (
					"DEBUG=1",
					"$(inherited)",
				);
				GCC_SYMBOLS_PRIVATE_EXTERN = NO;
				GCC_WARN_64_TO_32_BIT_CONVERSION = YES;
				GCC_WARN_ABOUT_RETURN_TYPE = YES_ERROR;
				GCC_WARN_UNDECLARED_SELECTOR = YES;
				GCC_WARN_UNINITIALIZED_AUTOS = YES;
				GCC_WARN_UNUSED_FUNCTION = YES;
				GCC_WARN_UNUSED_VARIABLE = YES;
				IPHONEOS_DEPLOYMENT_TARGET = 7.0;
				ONLY_ACTIVE_ARCH = YES;
				PROVISIONING_PROFILE = "6D7ED8F8-DEA3-400A-A541-15D828E04058";
				SDKROOT = iphoneos;
			};
			name = Debug;
		};
		7CF39E0C17E0070B003A859F /* Release */ = {
			isa = XCBuildConfiguration;
			buildSettings = {
				ALWAYS_SEARCH_USER_PATHS = NO;
				CLANG_CXX_LANGUAGE_STANDARD = "gnu++0x";
				CLANG_CXX_LIBRARY = "libc++";
				CLANG_ENABLE_MODULES = YES;
				CLANG_ENABLE_OBJC_ARC = YES;
				CLANG_WARN_BOOL_CONVERSION = YES;
				CLANG_WARN_CONSTANT_CONVERSION = YES;
				CLANG_WARN_DIRECT_OBJC_ISA_USAGE = YES_ERROR;
				CLANG_WARN_EMPTY_BODY = YES;
				CLANG_WARN_ENUM_CONVERSION = YES;
				CLANG_WARN_INT_CONVERSION = YES;
				CLANG_WARN_OBJC_ROOT_CLASS = YES_ERROR;
				CLANG_WARN__DUPLICATE_METHOD_MATCH = YES;
				CODE_SIGN_IDENTITY = "iPhone Developer: Juan Tubert (27723H66MG)";
				"CODE_SIGN_IDENTITY[sdk=iphoneos*]" = "iPhone Developer: Juan Tubert (27723H66MG)";
				COPY_PHASE_STRIP = YES;
				ENABLE_NS_ASSERTIONS = NO;
				GCC_C_LANGUAGE_STANDARD = gnu99;
				GCC_WARN_64_TO_32_BIT_CONVERSION = YES;
				GCC_WARN_ABOUT_RETURN_TYPE = YES_ERROR;
				GCC_WARN_UNDECLARED_SELECTOR = YES;
				GCC_WARN_UNINITIALIZED_AUTOS = YES;
				GCC_WARN_UNUSED_FUNCTION = YES;
				GCC_WARN_UNUSED_VARIABLE = YES;
				IPHONEOS_DEPLOYMENT_TARGET = 7.0;
				PROVISIONING_PROFILE = "6D7ED8F8-DEA3-400A-A541-15D828E04058";
				SDKROOT = iphoneos;
				VALIDATE_PRODUCT = YES;
			};
			name = Release;
		};
		7CF39E0E17E0070B003A859F /* Debug */ = {
			isa = XCBuildConfiguration;
			baseConfigurationReference = BC2914AD99434DBDA12F5314 /* Pods.xcconfig */;
			buildSettings = {
				ASSETCATALOG_COMPILER_APPICON_NAME = AppIcon;
				ASSETCATALOG_COMPILER_LAUNCHIMAGE_NAME = LaunchImage;
				CLANG_WARN_OBJC_IMPLICIT_RETAIN_SELF = YES;
				CLANG_WARN_OBJC_RECEIVER_WEAK = NO;
				CLANG_WARN_OBJC_REPEATED_USE_OF_WEAK = NO;
				CODE_SIGN_IDENTITY = "iPhone Developer";
				"CODE_SIGN_IDENTITY[sdk=iphoneos*]" = "iPhone Developer";
				FRAMEWORK_SEARCH_PATHS = "$(inherited)";
				GCC_PRECOMPILE_PREFIX_HEADER = YES;
				GCC_PREFIX_HEADER = "TwoByTwo/TwoByTwo-Prefix.pch";
				GCC_PREPROCESSOR_DEFINITIONS = "$(inherited)";
				GCC_WARN_UNINITIALIZED_AUTOS = YES_AGGRESSIVE;
				HEADER_SEARCH_PATHS = "$(inherited)";
				INFOPLIST_FILE = "TwoByTwo/TwoByTwo-Info.plist";
				IPHONEOS_DEPLOYMENT_TARGET = 7.0;
				LIBRARY_SEARCH_PATHS = "$(inherited)";
				ONLY_ACTIVE_ARCH = YES;
				OTHER_CFLAGS = "$(inherited)";
				OTHER_LDFLAGS = "$(inherited)";
				PRODUCT_NAME = "$(TARGET_NAME)";
				PROVISIONING_PROFILE = "";
				SDKROOT = iphoneos;
				VALID_ARCHS = "armv7 armv7s arm64";
				WRAPPER_EXTENSION = app;
			};
			name = Debug;
		};
		7CF39E0F17E0070B003A859F /* Release */ = {
			isa = XCBuildConfiguration;
			baseConfigurationReference = BC2914AD99434DBDA12F5314 /* Pods.xcconfig */;
			buildSettings = {
				ASSETCATALOG_COMPILER_APPICON_NAME = AppIcon;
				ASSETCATALOG_COMPILER_LAUNCHIMAGE_NAME = LaunchImage;
				CLANG_WARN_OBJC_IMPLICIT_RETAIN_SELF = YES;
				CLANG_WARN_OBJC_RECEIVER_WEAK = NO;
				CLANG_WARN_OBJC_REPEATED_USE_OF_WEAK = NO;
				CODE_SIGN_IDENTITY = "iPhone Developer";
				"CODE_SIGN_IDENTITY[sdk=iphoneos*]" = "iPhone Developer";
				FRAMEWORK_SEARCH_PATHS = "$(inherited)";
				GCC_PRECOMPILE_PREFIX_HEADER = YES;
				GCC_PREFIX_HEADER = "TwoByTwo/TwoByTwo-Prefix.pch";
				GCC_PREPROCESSOR_DEFINITIONS = "$(inherited)";
				GCC_WARN_UNINITIALIZED_AUTOS = YES_AGGRESSIVE;
				HEADER_SEARCH_PATHS = "$(inherited)";
				INFOPLIST_FILE = "TwoByTwo/TwoByTwo-Info.plist";
				IPHONEOS_DEPLOYMENT_TARGET = 7.0;
				LIBRARY_SEARCH_PATHS = "$(inherited)";
				ONLY_ACTIVE_ARCH = NO;
				OTHER_CFLAGS = "$(inherited)";
				OTHER_LDFLAGS = "$(inherited)";
				PRODUCT_NAME = "$(TARGET_NAME)";
				PROVISIONING_PROFILE = "";
				VALID_ARCHS = "armv7 armv7s arm64";
				WRAPPER_EXTENSION = app;
			};
			name = Release;
		};
		7CF39E1117E0070B003A859F /* Debug */ = {
			isa = XCBuildConfiguration;
			buildSettings = {
				BUNDLE_LOADER = "$(BUILT_PRODUCTS_DIR)/TwoByTwo.app/TwoByTwo";
				FRAMEWORK_SEARCH_PATHS = (
					"$(SDKROOT)/Developer/Library/Frameworks",
					"$(inherited)",
					"$(DEVELOPER_FRAMEWORKS_DIR)",
				);
				GCC_PRECOMPILE_PREFIX_HEADER = YES;
				GCC_PREFIX_HEADER = "TwoByTwo/TwoByTwo-Prefix.pch";
				GCC_PREPROCESSOR_DEFINITIONS = (
					"DEBUG=1",
					"$(inherited)",
				);
				INFOPLIST_FILE = "TwoByTwoTests/TwoByTwoTests-Info.plist";
				PRODUCT_NAME = "$(TARGET_NAME)";
				TEST_HOST = "$(BUNDLE_LOADER)";
				WRAPPER_EXTENSION = xctest;
			};
			name = Debug;
		};
		7CF39E1217E0070B003A859F /* Release */ = {
			isa = XCBuildConfiguration;
			buildSettings = {
				BUNDLE_LOADER = "$(BUILT_PRODUCTS_DIR)/TwoByTwo.app/TwoByTwo";
				FRAMEWORK_SEARCH_PATHS = (
					"$(SDKROOT)/Developer/Library/Frameworks",
					"$(inherited)",
					"$(DEVELOPER_FRAMEWORKS_DIR)",
				);
				GCC_PRECOMPILE_PREFIX_HEADER = YES;
				GCC_PREFIX_HEADER = "TwoByTwo/TwoByTwo-Prefix.pch";
				INFOPLIST_FILE = "TwoByTwoTests/TwoByTwoTests-Info.plist";
				PRODUCT_NAME = "$(TARGET_NAME)";
				TEST_HOST = "$(BUNDLE_LOADER)";
				WRAPPER_EXTENSION = xctest;
			};
			name = Release;
		};
/* End XCBuildConfiguration section */

/* Begin XCConfigurationList section */
		7CF39DD617E0070A003A859F /* Build configuration list for PBXProject "TwoByTwo" */ = {
			isa = XCConfigurationList;
			buildConfigurations = (
				7CF39E0B17E0070B003A859F /* Debug */,
				7CF39E0C17E0070B003A859F /* Release */,
			);
			defaultConfigurationIsVisible = 0;
			defaultConfigurationName = Release;
		};
		7CF39E0D17E0070B003A859F /* Build configuration list for PBXNativeTarget "TwoByTwo" */ = {
			isa = XCConfigurationList;
			buildConfigurations = (
				7CF39E0E17E0070B003A859F /* Debug */,
				7CF39E0F17E0070B003A859F /* Release */,
			);
			defaultConfigurationIsVisible = 0;
			defaultConfigurationName = Release;
		};
		7CF39E1017E0070B003A859F /* Build configuration list for PBXNativeTarget "TwoByTwoTests" */ = {
			isa = XCConfigurationList;
			buildConfigurations = (
				7CF39E1117E0070B003A859F /* Debug */,
				7CF39E1217E0070B003A859F /* Release */,
			);
			defaultConfigurationIsVisible = 0;
			defaultConfigurationName = Release;
		};
/* End XCConfigurationList section */
	};
	rootObject = 7CF39DD317E0070A003A859F /* Project object */;
}
